// !$*UTF8*$!
{
	archiveVersion = 1;
	classes = {
	};
	objectVersion = 46;
	objects = {
/* Begin PBXBuildFile section */
		00C302E51ABCBA2D00DB3ED1 /* libRCTActionSheet.a in Frameworks */ = {isa = PBXBuildFile; fileRef = 00C302AC1ABCB8CE00DB3ED1 /* libRCTActionSheet.a */; };
		00C302E71ABCBA2D00DB3ED1 /* libRCTGeolocation.a in Frameworks */ = {isa = PBXBuildFile; fileRef = 00C302BA1ABCB90400DB3ED1 /* libRCTGeolocation.a */; };
		00C302E81ABCBA2D00DB3ED1 /* libRCTImage.a in Frameworks */ = {isa = PBXBuildFile; fileRef = 00C302C01ABCB91800DB3ED1 /* libRCTImage.a */; };
		00C302E91ABCBA2D00DB3ED1 /* libRCTNetwork.a in Frameworks */ = {isa = PBXBuildFile; fileRef = 00C302DC1ABCB9D200DB3ED1 /* libRCTNetwork.a */; };
		00C302EA1ABCBA2D00DB3ED1 /* libRCTVibration.a in Frameworks */ = {isa = PBXBuildFile; fileRef = 00C302E41ABCB9EE00DB3ED1 /* libRCTVibration.a */; };
		00E356F31AD99517003FC87E /* qingyuanjieTests.m in Sources */ = {isa = PBXBuildFile; fileRef = 00E356F21AD99517003FC87E /* qingyuanjieTests.m */; };
		133E29F31AD74F7200F7D852 /* libRCTLinking.a in Frameworks */ = {isa = PBXBuildFile; fileRef = 78C398B91ACF4ADC00677621 /* libRCTLinking.a */; };
		139105C61AF99C1200B5F7CC /* libRCTSettings.a in Frameworks */ = {isa = PBXBuildFile; fileRef = 139105C11AF99BAD00B5F7CC /* libRCTSettings.a */; };
		139FDEF61B0652A700C62182 /* libRCTWebSocket.a in Frameworks */ = {isa = PBXBuildFile; fileRef = 139FDEF41B06529B00C62182 /* libRCTWebSocket.a */; };
		13A504831DB0487CB16053EF /* FontAwesome.ttf in Resources */ = {isa = PBXBuildFile; fileRef = C10335401E294B88960C2DE8 /* FontAwesome.ttf */; };
		13B07FBC1A68108700A75B9A /* AppDelegate.m in Sources */ = {isa = PBXBuildFile; fileRef = 13B07FB01A68108700A75B9A /* AppDelegate.m */; };
		13B07FBD1A68108700A75B9A /* LaunchScreen.xib in Resources */ = {isa = PBXBuildFile; fileRef = 13B07FB11A68108700A75B9A /* LaunchScreen.xib */; };
		13B07FBF1A68108700A75B9A /* Images.xcassets in Resources */ = {isa = PBXBuildFile; fileRef = 13B07FB51A68108700A75B9A /* Images.xcassets */; };
		13B07FC11A68108700A75B9A /* main.m in Sources */ = {isa = PBXBuildFile; fileRef = 13B07FB71A68108700A75B9A /* main.m */; };
		140ED2AC1D01E1AD002B40FF /* libReact.a in Frameworks */ = {isa = PBXBuildFile; fileRef = 146834041AC3E56700842450 /* libReact.a */; };
		146834051AC3E58100842450 /* libReact.a in Frameworks */ = {isa = PBXBuildFile; fileRef = 146834041AC3E56700842450 /* libReact.a */; };
		18179726F968423294F4AFAB /* EvilIcons.ttf in Resources */ = {isa = PBXBuildFile; fileRef = 065CEB252BD9462DA9250D31 /* EvilIcons.ttf */; };
		21F80D642C954EB7A3F8FF10 /* Comic Sans MS.ttf in Resources */ = {isa = PBXBuildFile; fileRef = BB41AB1D52334AACBE59E20E /* Comic Sans MS.ttf */; };
		2735AD328F2745E4843C08E7 /* Arial Black.ttf in Resources */ = {isa = PBXBuildFile; fileRef = 264ED5566C074229A7EF1279 /* Arial Black.ttf */; };
		2B018AC70D8349D18B967152 /* libRNDeviceInfo.a in Frameworks */ = {isa = PBXBuildFile; fileRef = EE546ED03A7645239DECBD76 /* libRNDeviceInfo.a */; };
		2C86474F95464101AF7165B7 /* Skia.ttf in Resources */ = {isa = PBXBuildFile; fileRef = 766FA73270904780AFC82B01 /* Skia.ttf */; };
		2FF17D4DFBED4C33BDF831DC /* Foundation.ttf in Resources */ = {isa = PBXBuildFile; fileRef = B0E1DFA398644D269B48852F /* Foundation.ttf */; };
		3292F57932F04A28ABD7F098 /* libRNBackgroundTimer.a in Frameworks */ = {isa = PBXBuildFile; fileRef = F0D1D2A5CB43493290BCF258 /* libRNBackgroundTimer.a */; };
		3C38CFD51F404F99834E4DEF /* Entypo.ttf in Resources */ = {isa = PBXBuildFile; fileRef = 2F00536877EC4588A3A3EED0 /* Entypo.ttf */; };
		4036031EF2D745DBBE16A27E /* SF-UI-Text-Regular.otf in Resources */ = {isa = PBXBuildFile; fileRef = 348BDF3D8CD44BE385B7E977 /* SF-UI-Text-Regular.otf */; };
		52B174AFAF4B2E4F8EED7CC2 /* Pods_qingyuanjie.framework in Frameworks */ = {isa = PBXBuildFile; fileRef = E06E84698893766AE9B51579 /* Pods_qingyuanjie.framework */; };
		59DB92E51ACD455E93D15D9C /* Zocial.ttf in Resources */ = {isa = PBXBuildFile; fileRef = 27C7E73AC5834FF6B029ABFC /* Zocial.ttf */; };
		5A9D730FA83C40C4A31CE567 /* SimpleLineIcons.ttf in Resources */ = {isa = PBXBuildFile; fileRef = 2AD5D6DCB9B34D94BCCBB792 /* SimpleLineIcons.ttf */; };
		5CAC625E8FF444E09B960465 /* libRNVectorIcons.a in Frameworks */ = {isa = PBXBuildFile; fileRef = C59B449457204DACAF962631 /* libRNVectorIcons.a */; };
		6157F0AD9EAC43A993F6B912 /* Ionicons.ttf in Resources */ = {isa = PBXBuildFile; fileRef = C4E43AEB488C40D3A396BAF6 /* Ionicons.ttf */; };
		82CEC228C66C4D57BD06AF35 /* Times New Roman.ttf in Resources */ = {isa = PBXBuildFile; fileRef = 74C7999F0F8049BEB7339E88 /* Times New Roman.ttf */; };
		832341BD1AAA6AB300B99B32 /* libRCTText.a in Frameworks */ = {isa = PBXBuildFile; fileRef = 832341B51AAA6A8300B99B32 /* libRCTText.a */; };
		8F2A3CFF98E4F95D5648D042 /* Pods_qingyuanjieTests.framework in Frameworks */ = {isa = PBXBuildFile; fileRef = 32A1AFDDE546D7A2DD35D14B /* Pods_qingyuanjieTests.framework */; };
		9CA90AF5D9FA43B7A35B49FB /* Octicons.ttf in Resources */ = {isa = PBXBuildFile; fileRef = 45A5F007FB154FEE8D729FF4 /* Octicons.ttf */; };
		A35F04FA21BF4A289A81D873 /* Roboto_medium.ttf in Resources */ = {isa = PBXBuildFile; fileRef = 195940BEEF4E4E03A1845AA0 /* Roboto_medium.ttf */; };
		AB32215EBDD24738BC121B16 /* Courier New.ttf in Resources */ = {isa = PBXBuildFile; fileRef = 99736F9F39B745E9A7C6194F /* Courier New.ttf */; };
		AD9AF33845394AFDBE9DB716 /* Andale Mono.ttf in Resources */ = {isa = PBXBuildFile; fileRef = B641F99E306F443AABF066EA /* Andale Mono.ttf */; };
		B473F8F785E74E23B449122B /* Arial.ttf in Resources */ = {isa = PBXBuildFile; fileRef = 8A01DD0B4CD0471692ADAE07 /* Arial.ttf */; };
		C6028B7B173C4257BAD342AC /* libRCTBEEPickerManager.a in Frameworks */ = {isa = PBXBuildFile; fileRef = 664D4954988F43CFA8BDD852 /* libRCTBEEPickerManager.a */; };
		CEC3C1A770614003BC1FE429 /* Microsoft Sans Serif.ttf in Resources */ = {isa = PBXBuildFile; fileRef = 386295FB7E5149A9A8796116 /* Microsoft Sans Serif.ttf */; };
		E08E3FD519184CDC8B97F3DB /* Georgia.ttf in Resources */ = {isa = PBXBuildFile; fileRef = 926F8B6D9F36457FBF6656E7 /* Georgia.ttf */; };
		E44BB119932A4CF693C9232E /* MaterialIcons.ttf in Resources */ = {isa = PBXBuildFile; fileRef = C6858A6F25A5483C87259C50 /* MaterialIcons.ttf */; };
		E7CBD264E01646879BD48382 /* libRNImagePicker.a in Frameworks */ = {isa = PBXBuildFile; fileRef = 2119CEC70FB14FF595416E92 /* libRNImagePicker.a */; };
		FD57E49C1DEEB5C10084E6C4 /* Podfile in Resources */ = {isa = PBXBuildFile; fileRef = FD57E49B1DEEB5C10084E6C4 /* Podfile */; };
		FD8EFED71DEEB91600BB2BF6 /* AIRGMSMarker.m in Sources */ = {isa = PBXBuildFile; fileRef = FD8EFEA31DEEB91600BB2BF6 /* AIRGMSMarker.m */; };
		FD8EFED81DEEB91600BB2BF6 /* AIRGoogleMap.m in Sources */ = {isa = PBXBuildFile; fileRef = FD8EFEA51DEEB91600BB2BF6 /* AIRGoogleMap.m */; };
		FD8EFED91DEEB91600BB2BF6 /* AIRGoogleMapCallout.m in Sources */ = {isa = PBXBuildFile; fileRef = FD8EFEA71DEEB91600BB2BF6 /* AIRGoogleMapCallout.m */; };
		FD8EFEDA1DEEB91600BB2BF6 /* AIRGoogleMapCalloutManager.m in Sources */ = {isa = PBXBuildFile; fileRef = FD8EFEA91DEEB91600BB2BF6 /* AIRGoogleMapCalloutManager.m */; };
		FD8EFEDB1DEEB91600BB2BF6 /* AIRGoogleMapManager.m in Sources */ = {isa = PBXBuildFile; fileRef = FD8EFEAB1DEEB91600BB2BF6 /* AIRGoogleMapManager.m */; };
		FD8EFEDC1DEEB91600BB2BF6 /* AIRGoogleMapMarker.m in Sources */ = {isa = PBXBuildFile; fileRef = FD8EFEAD1DEEB91600BB2BF6 /* AIRGoogleMapMarker.m */; };
		FD8EFEDD1DEEB91600BB2BF6 /* AIRGoogleMapMarkerManager.m in Sources */ = {isa = PBXBuildFile; fileRef = FD8EFEAF1DEEB91600BB2BF6 /* AIRGoogleMapMarkerManager.m */; };
		FD8EFEDE1DEEB91600BB2BF6 /* DummyView.m in Sources */ = {isa = PBXBuildFile; fileRef = FD8EFEB11DEEB91600BB2BF6 /* DummyView.m */; };
		FD8EFEDF1DEEB91600BB2BF6 /* AIRMap.m in Sources */ = {isa = PBXBuildFile; fileRef = FD8EFEB41DEEB91600BB2BF6 /* AIRMap.m */; };
		FD8EFEE01DEEB91600BB2BF6 /* AIRMapCallout.m in Sources */ = {isa = PBXBuildFile; fileRef = FD8EFEB61DEEB91600BB2BF6 /* AIRMapCallout.m */; };
		FD8EFEE11DEEB91600BB2BF6 /* AIRMapCalloutManager.m in Sources */ = {isa = PBXBuildFile; fileRef = FD8EFEB81DEEB91600BB2BF6 /* AIRMapCalloutManager.m */; };
		FD8EFEE21DEEB91600BB2BF6 /* AIRMapCircle.m in Sources */ = {isa = PBXBuildFile; fileRef = FD8EFEBA1DEEB91600BB2BF6 /* AIRMapCircle.m */; };
		FD8EFEE31DEEB91600BB2BF6 /* AIRMapCircleManager.m in Sources */ = {isa = PBXBuildFile; fileRef = FD8EFEBC1DEEB91600BB2BF6 /* AIRMapCircleManager.m */; };
		FD8EFEE41DEEB91600BB2BF6 /* AIRMapCoordinate.m in Sources */ = {isa = PBXBuildFile; fileRef = FD8EFEBE1DEEB91600BB2BF6 /* AIRMapCoordinate.m */; };
		FD8EFEE51DEEB91600BB2BF6 /* AIRMapManager.m in Sources */ = {isa = PBXBuildFile; fileRef = FD8EFEC01DEEB91600BB2BF6 /* AIRMapManager.m */; };
		FD8EFEE61DEEB91600BB2BF6 /* AIRMapMarker.m in Sources */ = {isa = PBXBuildFile; fileRef = FD8EFEC21DEEB91600BB2BF6 /* AIRMapMarker.m */; };
		FD8EFEE71DEEB91600BB2BF6 /* AIRMapMarkerManager.m in Sources */ = {isa = PBXBuildFile; fileRef = FD8EFEC41DEEB91600BB2BF6 /* AIRMapMarkerManager.m */; };
		FD8EFEE81DEEB91600BB2BF6 /* AIRMapPolygon.m in Sources */ = {isa = PBXBuildFile; fileRef = FD8EFEC61DEEB91600BB2BF6 /* AIRMapPolygon.m */; };
		FD8EFEE91DEEB91600BB2BF6 /* AIRMapPolygonManager.m in Sources */ = {isa = PBXBuildFile; fileRef = FD8EFEC81DEEB91600BB2BF6 /* AIRMapPolygonManager.m */; };
		FD8EFEEA1DEEB91600BB2BF6 /* AIRMapPolyline.m in Sources */ = {isa = PBXBuildFile; fileRef = FD8EFECA1DEEB91600BB2BF6 /* AIRMapPolyline.m */; };
		FD8EFEEB1DEEB91600BB2BF6 /* AIRMapPolylineManager.m in Sources */ = {isa = PBXBuildFile; fileRef = FD8EFECC1DEEB91600BB2BF6 /* AIRMapPolylineManager.m */; };
		FD8EFEEC1DEEB91600BB2BF6 /* AIRMapUrlTile.m in Sources */ = {isa = PBXBuildFile; fileRef = FD8EFECF1DEEB91600BB2BF6 /* AIRMapUrlTile.m */; };
		FD8EFEED1DEEB91600BB2BF6 /* AIRMapUrlTileManager.m in Sources */ = {isa = PBXBuildFile; fileRef = FD8EFED11DEEB91600BB2BF6 /* AIRMapUrlTileManager.m */; };
		FD8EFEEE1DEEB91600BB2BF6 /* SMCalloutView.m in Sources */ = {isa = PBXBuildFile; fileRef = FD8EFED41DEEB91600BB2BF6 /* SMCalloutView.m */; };
		FD8EFEEF1DEEB91600BB2BF6 /* RCTConvert+MoreMapKit.m in Sources */ = {isa = PBXBuildFile; fileRef = FD8EFED61DEEB91600BB2BF6 /* RCTConvert+MoreMapKit.m */; };
		FE9362ABBF6745CCB4FBD112 /* Roboto.ttf in Resources */ = {isa = PBXBuildFile; fileRef = FF8940438CA545AC8CB3CDB9 /* Roboto.ttf */; };
		DD2A841E93674769942E21B3 /* libRNCookieManagerIOS.a in Frameworks */ = {isa = PBXBuildFile; fileRef = 2BB9C38EEDFD40ABBB06EB2C /* libRNCookieManagerIOS.a */; };
		7D54BF3F585C473AB692D4A3 /* libAirMaps.a in Frameworks */ = {isa = PBXBuildFile; fileRef = 602A6D1680D7446980CFE671 /* libAirMaps.a */; };
/* End PBXBuildFile section */

/* Begin PBXContainerItemProxy section */
		00C302AB1ABCB8CE00DB3ED1 /* PBXContainerItemProxy */ = {
			isa = PBXContainerItemProxy;
			containerPortal = 00C302A71ABCB8CE00DB3ED1 /* RCTActionSheet.xcodeproj */;
			proxyType = 2;
			remoteGlobalIDString = 134814201AA4EA6300B7C361;
			remoteInfo = RCTActionSheet;
		};
		00C302B91ABCB90400DB3ED1 /* PBXContainerItemProxy */ = {
			isa = PBXContainerItemProxy;
			containerPortal = 00C302B51ABCB90400DB3ED1 /* RCTGeolocation.xcodeproj */;
			proxyType = 2;
			remoteGlobalIDString = 134814201AA4EA6300B7C361;
			remoteInfo = RCTGeolocation;
		};
		00C302BF1ABCB91800DB3ED1 /* PBXContainerItemProxy */ = {
			isa = PBXContainerItemProxy;
			containerPortal = 00C302BB1ABCB91800DB3ED1 /* RCTImage.xcodeproj */;
			proxyType = 2;
			remoteGlobalIDString = 58B5115D1A9E6B3D00147676;
			remoteInfo = RCTImage;
		};
		00C302DB1ABCB9D200DB3ED1 /* PBXContainerItemProxy */ = {
			isa = PBXContainerItemProxy;
			containerPortal = 00C302D31ABCB9D200DB3ED1 /* RCTNetwork.xcodeproj */;
			proxyType = 2;
			remoteGlobalIDString = 58B511DB1A9E6C8500147676;
			remoteInfo = RCTNetwork;
		};
		00C302E31ABCB9EE00DB3ED1 /* PBXContainerItemProxy */ = {
			isa = PBXContainerItemProxy;
			containerPortal = 00C302DF1ABCB9EE00DB3ED1 /* RCTVibration.xcodeproj */;
			proxyType = 2;
			remoteGlobalIDString = 832C81801AAF6DEF007FA2F7;
			remoteInfo = RCTVibration;
		};
		00E356F41AD99517003FC87E /* PBXContainerItemProxy */ = {
			isa = PBXContainerItemProxy;
			containerPortal = 83CBB9F71A601CBA00E9B192 /* Project object */;
			proxyType = 1;
			remoteGlobalIDString = 13B07F861A680F5B00A75B9A;
			remoteInfo = qingyuanjie;
		};
		139105C01AF99BAD00B5F7CC /* PBXContainerItemProxy */ = {
			isa = PBXContainerItemProxy;
			containerPortal = 139105B61AF99BAD00B5F7CC /* RCTSettings.xcodeproj */;
			proxyType = 2;
			remoteGlobalIDString = 134814201AA4EA6300B7C361;
			remoteInfo = RCTSettings;
		};
		139FDEF31B06529B00C62182 /* PBXContainerItemProxy */ = {
			isa = PBXContainerItemProxy;
			containerPortal = 139FDEE61B06529A00C62182 /* RCTWebSocket.xcodeproj */;
			proxyType = 2;
			remoteGlobalIDString = 3C86DF461ADF2C930047B81A;
			remoteInfo = RCTWebSocket;
		};
		146834031AC3E56700842450 /* PBXContainerItemProxy */ = {
			isa = PBXContainerItemProxy;
			containerPortal = 146833FF1AC3E56700842450 /* React.xcodeproj */;
			proxyType = 2;
			remoteGlobalIDString = 83CBBA2E1A601D0E00E9B192;
			remoteInfo = React;
		};
		78C398B81ACF4ADC00677621 /* PBXContainerItemProxy */ = {
			isa = PBXContainerItemProxy;
			containerPortal = 78C398B01ACF4ADC00677621 /* RCTLinking.xcodeproj */;
			proxyType = 2;
			remoteGlobalIDString = 134814201AA4EA6300B7C361;
			remoteInfo = RCTLinking;
		};
		832341B41AAA6A8300B99B32 /* PBXContainerItemProxy */ = {
			isa = PBXContainerItemProxy;
			containerPortal = 832341B01AAA6A8300B99B32 /* RCTText.xcodeproj */;
			proxyType = 2;
			remoteGlobalIDString = 58B5119B1A9E6C1200147676;
			remoteInfo = RCTText;
		};
		FD20DE991DEC6720001E74B6 /* PBXContainerItemProxy */ = {
			isa = PBXContainerItemProxy;
			containerPortal = 00C302BB1ABCB91800DB3ED1 /* RCTImage.xcodeproj */;
			proxyType = 2;
			remoteGlobalIDString = 2D2A283A1D9B042B00D4039D;
			remoteInfo = "RCTImage-tvOS";
		};
		FD20DE9D1DEC6720001E74B6 /* PBXContainerItemProxy */ = {
			isa = PBXContainerItemProxy;
			containerPortal = 78C398B01ACF4ADC00677621 /* RCTLinking.xcodeproj */;
			proxyType = 2;
			remoteGlobalIDString = 2D2A28471D9B043800D4039D;
			remoteInfo = "RCTLinking-tvOS";
		};
		FD20DEA11DEC6720001E74B6 /* PBXContainerItemProxy */ = {
			isa = PBXContainerItemProxy;
			containerPortal = 00C302D31ABCB9D200DB3ED1 /* RCTNetwork.xcodeproj */;
			proxyType = 2;
			remoteGlobalIDString = 2D2A28541D9B044C00D4039D;
			remoteInfo = "RCTNetwork-tvOS";
		};
		FD20DEA51DEC6720001E74B6 /* PBXContainerItemProxy */ = {
			isa = PBXContainerItemProxy;
			containerPortal = 139105B61AF99BAD00B5F7CC /* RCTSettings.xcodeproj */;
			proxyType = 2;
			remoteGlobalIDString = 2D2A28611D9B046600D4039D;
			remoteInfo = "RCTSettings-tvOS";
		};
		FD20DEA91DEC6720001E74B6 /* PBXContainerItemProxy */ = {
			isa = PBXContainerItemProxy;
			containerPortal = 832341B01AAA6A8300B99B32 /* RCTText.xcodeproj */;
			proxyType = 2;
			remoteGlobalIDString = 2D2A287B1D9B048500D4039D;
			remoteInfo = "RCTText-tvOS";
		};
		FD20DEAE1DEC6720001E74B6 /* PBXContainerItemProxy */ = {
			isa = PBXContainerItemProxy;
			containerPortal = 139FDEE61B06529A00C62182 /* RCTWebSocket.xcodeproj */;
			proxyType = 2;
			remoteGlobalIDString = 2D2A28881D9B049200D4039D;
			remoteInfo = "RCTWebSocket-tvOS";
		};
		FD20DEB21DEC6720001E74B6 /* PBXContainerItemProxy */ = {
			isa = PBXContainerItemProxy;
			containerPortal = 146833FF1AC3E56700842450 /* React.xcodeproj */;
			proxyType = 2;
			remoteGlobalIDString = 2D2A28131D9B038B00D4039D;
			remoteInfo = "React-tvOS";
		};
		FD20DED21DEC674C001E74B6 /* PBXContainerItemProxy */ = {
			isa = PBXContainerItemProxy;
			containerPortal = C7B9A96FEBA1439FB8C01C4A /* RNBackgroundTimer.xcodeproj */;
			proxyType = 2;
			remoteGlobalIDString = 134814201AA4EA6300B7C361;
			remoteInfo = RNBackgroundTimer;
		};
		FD20DED71DEC674C001E74B6 /* PBXContainerItemProxy */ = {
			isa = PBXContainerItemProxy;
			containerPortal = 9B13E83611E04FE8BA143D43 /* RNDeviceInfo.xcodeproj */;
			proxyType = 2;
			remoteGlobalIDString = DA5891D81BA9A9FC002B4DB2;
			remoteInfo = RNDeviceInfo;
		};
		FD20DEDC1DEC674C001E74B6 /* PBXContainerItemProxy */ = {
			isa = PBXContainerItemProxy;
			containerPortal = 6EB08D0CD30640ABA617C0AD /* RNImagePicker.xcodeproj */;
			proxyType = 2;
			remoteGlobalIDString = 014A3B5C1C6CF33500B6D375;
			remoteInfo = RNImagePicker;
		};
		FD20DEE11DEC674C001E74B6 /* PBXContainerItemProxy */ = {
			isa = PBXContainerItemProxy;
			containerPortal = 6AC056D67556492EB4200368 /* RCTBEEPickerManager.xcodeproj */;
			proxyType = 2;
			remoteGlobalIDString = 17D41E551D7EE0CA0031415E;
			remoteInfo = RCTBEEPickerManager;
		};
		FD20DEE61DEC674C001E74B6 /* PBXContainerItemProxy */ = {
			isa = PBXContainerItemProxy;
			containerPortal = 754DDAAA8DAB48CB99BDBE6C /* RNVectorIcons.xcodeproj */;
			proxyType = 2;
			remoteGlobalIDString = 5DBEB1501B18CEA900B34395;
			remoteInfo = RNVectorIcons;
		};
/* End PBXContainerItemProxy section */

/* Begin PBXFileReference section */
		008F07F21AC5B25A0029DE68 /* main.jsbundle */ = {isa = PBXFileReference; fileEncoding = 4; lastKnownFileType = text; path = main.jsbundle; sourceTree = "<group>"; };
		00C302A71ABCB8CE00DB3ED1 /* RCTActionSheet.xcodeproj */ = {isa = PBXFileReference; lastKnownFileType = "wrapper.pb-project"; name = RCTActionSheet.xcodeproj; path = "../node_modules/react-native/Libraries/ActionSheetIOS/RCTActionSheet.xcodeproj"; sourceTree = "<group>"; };
		00C302B51ABCB90400DB3ED1 /* RCTGeolocation.xcodeproj */ = {isa = PBXFileReference; lastKnownFileType = "wrapper.pb-project"; name = RCTGeolocation.xcodeproj; path = "../node_modules/react-native/Libraries/Geolocation/RCTGeolocation.xcodeproj"; sourceTree = "<group>"; };
		00C302BB1ABCB91800DB3ED1 /* RCTImage.xcodeproj */ = {isa = PBXFileReference; lastKnownFileType = "wrapper.pb-project"; name = RCTImage.xcodeproj; path = "../node_modules/react-native/Libraries/Image/RCTImage.xcodeproj"; sourceTree = "<group>"; };
		00C302D31ABCB9D200DB3ED1 /* RCTNetwork.xcodeproj */ = {isa = PBXFileReference; lastKnownFileType = "wrapper.pb-project"; name = RCTNetwork.xcodeproj; path = "../node_modules/react-native/Libraries/Network/RCTNetwork.xcodeproj"; sourceTree = "<group>"; };
		00C302DF1ABCB9EE00DB3ED1 /* RCTVibration.xcodeproj */ = {isa = PBXFileReference; lastKnownFileType = "wrapper.pb-project"; name = RCTVibration.xcodeproj; path = "../node_modules/react-native/Libraries/Vibration/RCTVibration.xcodeproj"; sourceTree = "<group>"; };
		00E356EE1AD99517003FC87E /* qingyuanjieTests.xctest */ = {isa = PBXFileReference; explicitFileType = wrapper.cfbundle; includeInIndex = 0; path = qingyuanjieTests.xctest; sourceTree = BUILT_PRODUCTS_DIR; };
		00E356F11AD99517003FC87E /* Info.plist */ = {isa = PBXFileReference; lastKnownFileType = text.plist.xml; path = Info.plist; sourceTree = "<group>"; };
		00E356F21AD99517003FC87E /* qingyuanjieTests.m */ = {isa = PBXFileReference; lastKnownFileType = sourcecode.c.objc; path = qingyuanjieTests.m; sourceTree = "<group>"; };
		065CEB252BD9462DA9250D31 /* EvilIcons.ttf */ = {isa = PBXFileReference; explicitFileType = undefined; fileEncoding = 9; includeInIndex = 0; lastKnownFileType = unknown; name = EvilIcons.ttf; path = "../node_modules/react-native-vector-icons/Fonts/EvilIcons.ttf"; sourceTree = "<group>"; };
		0F5EB3C9AFE4ED20DB61952E /* Pods-qingyuanjieTests.release.xcconfig */ = {isa = PBXFileReference; includeInIndex = 1; lastKnownFileType = text.xcconfig; name = "Pods-qingyuanjieTests.release.xcconfig"; path = "Pods/Target Support Files/Pods-qingyuanjieTests/Pods-qingyuanjieTests.release.xcconfig"; sourceTree = "<group>"; };
		139105B61AF99BAD00B5F7CC /* RCTSettings.xcodeproj */ = {isa = PBXFileReference; lastKnownFileType = "wrapper.pb-project"; name = RCTSettings.xcodeproj; path = "../node_modules/react-native/Libraries/Settings/RCTSettings.xcodeproj"; sourceTree = "<group>"; };
		139FDEE61B06529A00C62182 /* RCTWebSocket.xcodeproj */ = {isa = PBXFileReference; lastKnownFileType = "wrapper.pb-project"; name = RCTWebSocket.xcodeproj; path = "../node_modules/react-native/Libraries/WebSocket/RCTWebSocket.xcodeproj"; sourceTree = "<group>"; };
		13B07F961A680F5B00A75B9A /* qingyuanjie.app */ = {isa = PBXFileReference; explicitFileType = wrapper.application; includeInIndex = 0; path = qingyuanjie.app; sourceTree = BUILT_PRODUCTS_DIR; };
		13B07FAF1A68108700A75B9A /* AppDelegate.h */ = {isa = PBXFileReference; fileEncoding = 4; lastKnownFileType = sourcecode.c.h; name = AppDelegate.h; path = qingyuanjie/AppDelegate.h; sourceTree = "<group>"; };
		13B07FB01A68108700A75B9A /* AppDelegate.m */ = {isa = PBXFileReference; fileEncoding = 4; lastKnownFileType = sourcecode.c.objc; name = AppDelegate.m; path = qingyuanjie/AppDelegate.m; sourceTree = "<group>"; };
		13B07FB21A68108700A75B9A /* Base */ = {isa = PBXFileReference; lastKnownFileType = file.xib; name = Base; path = Base.lproj/LaunchScreen.xib; sourceTree = "<group>"; };
		13B07FB51A68108700A75B9A /* Images.xcassets */ = {isa = PBXFileReference; lastKnownFileType = folder.assetcatalog; name = Images.xcassets; path = qingyuanjie/Images.xcassets; sourceTree = "<group>"; };
		13B07FB61A68108700A75B9A /* Info.plist */ = {isa = PBXFileReference; fileEncoding = 4; lastKnownFileType = text.plist.xml; name = Info.plist; path = qingyuanjie/Info.plist; sourceTree = "<group>"; };
		13B07FB71A68108700A75B9A /* main.m */ = {isa = PBXFileReference; fileEncoding = 4; lastKnownFileType = sourcecode.c.objc; name = main.m; path = qingyuanjie/main.m; sourceTree = "<group>"; };
		146833FF1AC3E56700842450 /* React.xcodeproj */ = {isa = PBXFileReference; lastKnownFileType = "wrapper.pb-project"; name = React.xcodeproj; path = "../node_modules/react-native/React/React.xcodeproj"; sourceTree = "<group>"; };
		195940BEEF4E4E03A1845AA0 /* Roboto_medium.ttf */ = {isa = PBXFileReference; explicitFileType = undefined; fileEncoding = 9; includeInIndex = 0; lastKnownFileType = unknown; name = Roboto_medium.ttf; path = "../node_modules/native-base/Fonts/Roboto_medium.ttf"; sourceTree = "<group>"; };
		2119CEC70FB14FF595416E92 /* libRNImagePicker.a */ = {isa = PBXFileReference; explicitFileType = undefined; fileEncoding = 9; includeInIndex = 0; lastKnownFileType = archive.ar; path = libRNImagePicker.a; sourceTree = "<group>"; };
		264ED5566C074229A7EF1279 /* Arial Black.ttf */ = {isa = PBXFileReference; explicitFileType = undefined; fileEncoding = 9; includeInIndex = 0; lastKnownFileType = unknown; name = "Arial Black.ttf"; path = "../node_modules/native-base/Fonts/Arial Black.ttf"; sourceTree = "<group>"; };
		27C7E73AC5834FF6B029ABFC /* Zocial.ttf */ = {isa = PBXFileReference; explicitFileType = undefined; fileEncoding = 9; includeInIndex = 0; lastKnownFileType = unknown; name = Zocial.ttf; path = "../node_modules/react-native-vector-icons/Fonts/Zocial.ttf"; sourceTree = "<group>"; };
		2AD5D6DCB9B34D94BCCBB792 /* SimpleLineIcons.ttf */ = {isa = PBXFileReference; explicitFileType = undefined; fileEncoding = 9; includeInIndex = 0; lastKnownFileType = unknown; name = SimpleLineIcons.ttf; path = "../node_modules/react-native-vector-icons/Fonts/SimpleLineIcons.ttf"; sourceTree = "<group>"; };
		2F00536877EC4588A3A3EED0 /* Entypo.ttf */ = {isa = PBXFileReference; explicitFileType = undefined; fileEncoding = 9; includeInIndex = 0; lastKnownFileType = unknown; name = Entypo.ttf; path = "../node_modules/react-native-vector-icons/Fonts/Entypo.ttf"; sourceTree = "<group>"; };
		32A1AFDDE546D7A2DD35D14B /* Pods_qingyuanjieTests.framework */ = {isa = PBXFileReference; explicitFileType = wrapper.framework; includeInIndex = 0; path = Pods_qingyuanjieTests.framework; sourceTree = BUILT_PRODUCTS_DIR; };
		348BDF3D8CD44BE385B7E977 /* SF-UI-Text-Regular.otf */ = {isa = PBXFileReference; explicitFileType = undefined; fileEncoding = 9; includeInIndex = 0; lastKnownFileType = unknown; name = "SF-UI-Text-Regular.otf"; path = "../node_modules/native-base/Fonts/SF-UI-Text-Regular.otf"; sourceTree = "<group>"; };
		386295FB7E5149A9A8796116 /* Microsoft Sans Serif.ttf */ = {isa = PBXFileReference; explicitFileType = undefined; fileEncoding = 9; includeInIndex = 0; lastKnownFileType = unknown; name = "Microsoft Sans Serif.ttf"; path = "../node_modules/native-base/Fonts/Microsoft Sans Serif.ttf"; sourceTree = "<group>"; };
		45A5F007FB154FEE8D729FF4 /* Octicons.ttf */ = {isa = PBXFileReference; explicitFileType = undefined; fileEncoding = 9; includeInIndex = 0; lastKnownFileType = unknown; name = Octicons.ttf; path = "../node_modules/react-native-vector-icons/Fonts/Octicons.ttf"; sourceTree = "<group>"; };
		51C69BBA80958E499B75F5E1 /* Pods-qingyuanjie.debug.xcconfig */ = {isa = PBXFileReference; includeInIndex = 1; lastKnownFileType = text.xcconfig; name = "Pods-qingyuanjie.debug.xcconfig"; path = "Pods/Target Support Files/Pods-qingyuanjie/Pods-qingyuanjie.debug.xcconfig"; sourceTree = "<group>"; };
		664D4954988F43CFA8BDD852 /* libRCTBEEPickerManager.a */ = {isa = PBXFileReference; explicitFileType = undefined; fileEncoding = 9; includeInIndex = 0; lastKnownFileType = archive.ar; path = libRCTBEEPickerManager.a; sourceTree = "<group>"; };
		6AC056D67556492EB4200368 /* RCTBEEPickerManager.xcodeproj */ = {isa = PBXFileReference; explicitFileType = undefined; fileEncoding = 9; includeInIndex = 0; lastKnownFileType = "wrapper.pb-project"; name = RCTBEEPickerManager.xcodeproj; path = "../node_modules/react-native-picker/ios/RCTBEEPickerManager.xcodeproj"; sourceTree = "<group>"; };
		6EB08D0CD30640ABA617C0AD /* RNImagePicker.xcodeproj */ = {isa = PBXFileReference; explicitFileType = undefined; fileEncoding = 9; includeInIndex = 0; lastKnownFileType = "wrapper.pb-project"; name = RNImagePicker.xcodeproj; path = "../node_modules/react-native-image-picker/ios/RNImagePicker.xcodeproj"; sourceTree = "<group>"; };
		74C7999F0F8049BEB7339E88 /* Times New Roman.ttf */ = {isa = PBXFileReference; explicitFileType = undefined; fileEncoding = 9; includeInIndex = 0; lastKnownFileType = unknown; name = "Times New Roman.ttf"; path = "../node_modules/native-base/Fonts/Times New Roman.ttf"; sourceTree = "<group>"; };
		75369259FAF46E5C66E3EF7E /* Pods-qingyuanjie.release.xcconfig */ = {isa = PBXFileReference; includeInIndex = 1; lastKnownFileType = text.xcconfig; name = "Pods-qingyuanjie.release.xcconfig"; path = "Pods/Target Support Files/Pods-qingyuanjie/Pods-qingyuanjie.release.xcconfig"; sourceTree = "<group>"; };
		754DDAAA8DAB48CB99BDBE6C /* RNVectorIcons.xcodeproj */ = {isa = PBXFileReference; explicitFileType = undefined; fileEncoding = 9; includeInIndex = 0; lastKnownFileType = "wrapper.pb-project"; name = RNVectorIcons.xcodeproj; path = "../node_modules/react-native-vector-icons/RNVectorIcons.xcodeproj"; sourceTree = "<group>"; };
		766FA73270904780AFC82B01 /* Skia.ttf */ = {isa = PBXFileReference; explicitFileType = undefined; fileEncoding = 9; includeInIndex = 0; lastKnownFileType = unknown; name = Skia.ttf; path = "../node_modules/native-base/Fonts/Skia.ttf"; sourceTree = "<group>"; };
		78C398B01ACF4ADC00677621 /* RCTLinking.xcodeproj */ = {isa = PBXFileReference; lastKnownFileType = "wrapper.pb-project"; name = RCTLinking.xcodeproj; path = "../node_modules/react-native/Libraries/LinkingIOS/RCTLinking.xcodeproj"; sourceTree = "<group>"; };
		832341B01AAA6A8300B99B32 /* RCTText.xcodeproj */ = {isa = PBXFileReference; lastKnownFileType = "wrapper.pb-project"; name = RCTText.xcodeproj; path = "../node_modules/react-native/Libraries/Text/RCTText.xcodeproj"; sourceTree = "<group>"; };
		8A01DD0B4CD0471692ADAE07 /* Arial.ttf */ = {isa = PBXFileReference; explicitFileType = undefined; fileEncoding = 9; includeInIndex = 0; lastKnownFileType = unknown; name = Arial.ttf; path = "../node_modules/native-base/Fonts/Arial.ttf"; sourceTree = "<group>"; };
		926F8B6D9F36457FBF6656E7 /* Georgia.ttf */ = {isa = PBXFileReference; explicitFileType = undefined; fileEncoding = 9; includeInIndex = 0; lastKnownFileType = unknown; name = Georgia.ttf; path = "../node_modules/native-base/Fonts/Georgia.ttf"; sourceTree = "<group>"; };
		99736F9F39B745E9A7C6194F /* Courier New.ttf */ = {isa = PBXFileReference; explicitFileType = undefined; fileEncoding = 9; includeInIndex = 0; lastKnownFileType = unknown; name = "Courier New.ttf"; path = "../node_modules/native-base/Fonts/Courier New.ttf"; sourceTree = "<group>"; };
		9B13E83611E04FE8BA143D43 /* RNDeviceInfo.xcodeproj */ = {isa = PBXFileReference; explicitFileType = undefined; fileEncoding = 9; includeInIndex = 0; lastKnownFileType = "wrapper.pb-project"; name = RNDeviceInfo.xcodeproj; path = "../node_modules/react-native-device-info/RNDeviceInfo.xcodeproj"; sourceTree = "<group>"; };
		B0E1DFA398644D269B48852F /* Foundation.ttf */ = {isa = PBXFileReference; explicitFileType = undefined; fileEncoding = 9; includeInIndex = 0; lastKnownFileType = unknown; name = Foundation.ttf; path = "../node_modules/react-native-vector-icons/Fonts/Foundation.ttf"; sourceTree = "<group>"; };
		B641F99E306F443AABF066EA /* Andale Mono.ttf */ = {isa = PBXFileReference; explicitFileType = undefined; fileEncoding = 9; includeInIndex = 0; lastKnownFileType = unknown; name = "Andale Mono.ttf"; path = "../node_modules/native-base/Fonts/Andale Mono.ttf"; sourceTree = "<group>"; };
		BB41AB1D52334AACBE59E20E /* Comic Sans MS.ttf */ = {isa = PBXFileReference; explicitFileType = undefined; fileEncoding = 9; includeInIndex = 0; lastKnownFileType = unknown; name = "Comic Sans MS.ttf"; path = "../node_modules/native-base/Fonts/Comic Sans MS.ttf"; sourceTree = "<group>"; };
		C10335401E294B88960C2DE8 /* FontAwesome.ttf */ = {isa = PBXFileReference; explicitFileType = undefined; fileEncoding = 9; includeInIndex = 0; lastKnownFileType = unknown; name = FontAwesome.ttf; path = "../node_modules/react-native-vector-icons/Fonts/FontAwesome.ttf"; sourceTree = "<group>"; };
		C4E43AEB488C40D3A396BAF6 /* Ionicons.ttf */ = {isa = PBXFileReference; explicitFileType = undefined; fileEncoding = 9; includeInIndex = 0; lastKnownFileType = unknown; name = Ionicons.ttf; path = "../node_modules/react-native-vector-icons/Fonts/Ionicons.ttf"; sourceTree = "<group>"; };
		C59B449457204DACAF962631 /* libRNVectorIcons.a */ = {isa = PBXFileReference; explicitFileType = undefined; fileEncoding = 9; includeInIndex = 0; lastKnownFileType = archive.ar; path = libRNVectorIcons.a; sourceTree = "<group>"; };
		C6858A6F25A5483C87259C50 /* MaterialIcons.ttf */ = {isa = PBXFileReference; explicitFileType = undefined; fileEncoding = 9; includeInIndex = 0; lastKnownFileType = unknown; name = MaterialIcons.ttf; path = "../node_modules/react-native-vector-icons/Fonts/MaterialIcons.ttf"; sourceTree = "<group>"; };
		C7B9A96FEBA1439FB8C01C4A /* RNBackgroundTimer.xcodeproj */ = {isa = PBXFileReference; explicitFileType = undefined; fileEncoding = 9; includeInIndex = 0; lastKnownFileType = "wrapper.pb-project"; name = RNBackgroundTimer.xcodeproj; path = "../node_modules/react-native-background-timer/ios/RNBackgroundTimer.xcodeproj"; sourceTree = "<group>"; };
		E06E84698893766AE9B51579 /* Pods_qingyuanjie.framework */ = {isa = PBXFileReference; explicitFileType = wrapper.framework; includeInIndex = 0; path = Pods_qingyuanjie.framework; sourceTree = BUILT_PRODUCTS_DIR; };
		EE546ED03A7645239DECBD76 /* libRNDeviceInfo.a */ = {isa = PBXFileReference; explicitFileType = undefined; fileEncoding = 9; includeInIndex = 0; lastKnownFileType = archive.ar; path = libRNDeviceInfo.a; sourceTree = "<group>"; };
		EF8584D882FD63A9BC7B2FE3 /* Pods-qingyuanjieTests.debug.xcconfig */ = {isa = PBXFileReference; includeInIndex = 1; lastKnownFileType = text.xcconfig; name = "Pods-qingyuanjieTests.debug.xcconfig"; path = "Pods/Target Support Files/Pods-qingyuanjieTests/Pods-qingyuanjieTests.debug.xcconfig"; sourceTree = "<group>"; };
		F0D1D2A5CB43493290BCF258 /* libRNBackgroundTimer.a */ = {isa = PBXFileReference; explicitFileType = undefined; fileEncoding = 9; includeInIndex = 0; lastKnownFileType = archive.ar; path = libRNBackgroundTimer.a; sourceTree = "<group>"; };
		FD57E49B1DEEB5C10084E6C4 /* Podfile */ = {isa = PBXFileReference; fileEncoding = 4; lastKnownFileType = text; path = Podfile; sourceTree = "<group>"; xcLanguageSpecificationIdentifier = xcode.lang.ruby; };
		FD8EFEA21DEEB91600BB2BF6 /* AIRGMSMarker.h */ = {isa = PBXFileReference; fileEncoding = 4; lastKnownFileType = sourcecode.c.h; path = AIRGMSMarker.h; sourceTree = "<group>"; };
		FD8EFEA31DEEB91600BB2BF6 /* AIRGMSMarker.m */ = {isa = PBXFileReference; fileEncoding = 4; lastKnownFileType = sourcecode.c.objc; path = AIRGMSMarker.m; sourceTree = "<group>"; };
		FD8EFEA41DEEB91600BB2BF6 /* AIRGoogleMap.h */ = {isa = PBXFileReference; fileEncoding = 4; lastKnownFileType = sourcecode.c.h; path = AIRGoogleMap.h; sourceTree = "<group>"; };
		FD8EFEA51DEEB91600BB2BF6 /* AIRGoogleMap.m */ = {isa = PBXFileReference; fileEncoding = 4; lastKnownFileType = sourcecode.c.objc; path = AIRGoogleMap.m; sourceTree = "<group>"; };
		FD8EFEA61DEEB91600BB2BF6 /* AIRGoogleMapCallout.h */ = {isa = PBXFileReference; fileEncoding = 4; lastKnownFileType = sourcecode.c.h; path = AIRGoogleMapCallout.h; sourceTree = "<group>"; };
		FD8EFEA71DEEB91600BB2BF6 /* AIRGoogleMapCallout.m */ = {isa = PBXFileReference; fileEncoding = 4; lastKnownFileType = sourcecode.c.objc; path = AIRGoogleMapCallout.m; sourceTree = "<group>"; };
		FD8EFEA81DEEB91600BB2BF6 /* AIRGoogleMapCalloutManager.h */ = {isa = PBXFileReference; fileEncoding = 4; lastKnownFileType = sourcecode.c.h; path = AIRGoogleMapCalloutManager.h; sourceTree = "<group>"; };
		FD8EFEA91DEEB91600BB2BF6 /* AIRGoogleMapCalloutManager.m */ = {isa = PBXFileReference; fileEncoding = 4; lastKnownFileType = sourcecode.c.objc; path = AIRGoogleMapCalloutManager.m; sourceTree = "<group>"; };
		FD8EFEAA1DEEB91600BB2BF6 /* AIRGoogleMapManager.h */ = {isa = PBXFileReference; fileEncoding = 4; lastKnownFileType = sourcecode.c.h; path = AIRGoogleMapManager.h; sourceTree = "<group>"; };
		FD8EFEAB1DEEB91600BB2BF6 /* AIRGoogleMapManager.m */ = {isa = PBXFileReference; fileEncoding = 4; lastKnownFileType = sourcecode.c.objc; path = AIRGoogleMapManager.m; sourceTree = "<group>"; };
		FD8EFEAC1DEEB91600BB2BF6 /* AIRGoogleMapMarker.h */ = {isa = PBXFileReference; fileEncoding = 4; lastKnownFileType = sourcecode.c.h; path = AIRGoogleMapMarker.h; sourceTree = "<group>"; };
		FD8EFEAD1DEEB91600BB2BF6 /* AIRGoogleMapMarker.m */ = {isa = PBXFileReference; fileEncoding = 4; lastKnownFileType = sourcecode.c.objc; path = AIRGoogleMapMarker.m; sourceTree = "<group>"; };
		FD8EFEAE1DEEB91600BB2BF6 /* AIRGoogleMapMarkerManager.h */ = {isa = PBXFileReference; fileEncoding = 4; lastKnownFileType = sourcecode.c.h; path = AIRGoogleMapMarkerManager.h; sourceTree = "<group>"; };
		FD8EFEAF1DEEB91600BB2BF6 /* AIRGoogleMapMarkerManager.m */ = {isa = PBXFileReference; fileEncoding = 4; lastKnownFileType = sourcecode.c.objc; path = AIRGoogleMapMarkerManager.m; sourceTree = "<group>"; };
		FD8EFEB01DEEB91600BB2BF6 /* DummyView.h */ = {isa = PBXFileReference; fileEncoding = 4; lastKnownFileType = sourcecode.c.h; path = DummyView.h; sourceTree = "<group>"; };
		FD8EFEB11DEEB91600BB2BF6 /* DummyView.m */ = {isa = PBXFileReference; fileEncoding = 4; lastKnownFileType = sourcecode.c.objc; path = DummyView.m; sourceTree = "<group>"; };
		FD8EFEB31DEEB91600BB2BF6 /* AIRMap.h */ = {isa = PBXFileReference; fileEncoding = 4; lastKnownFileType = sourcecode.c.h; path = AIRMap.h; sourceTree = "<group>"; };
		FD8EFEB41DEEB91600BB2BF6 /* AIRMap.m */ = {isa = PBXFileReference; fileEncoding = 4; lastKnownFileType = sourcecode.c.objc; path = AIRMap.m; sourceTree = "<group>"; };
		FD8EFEB51DEEB91600BB2BF6 /* AIRMapCallout.h */ = {isa = PBXFileReference; fileEncoding = 4; lastKnownFileType = sourcecode.c.h; path = AIRMapCallout.h; sourceTree = "<group>"; };
		FD8EFEB61DEEB91600BB2BF6 /* AIRMapCallout.m */ = {isa = PBXFileReference; fileEncoding = 4; lastKnownFileType = sourcecode.c.objc; path = AIRMapCallout.m; sourceTree = "<group>"; };
		FD8EFEB71DEEB91600BB2BF6 /* AIRMapCalloutManager.h */ = {isa = PBXFileReference; fileEncoding = 4; lastKnownFileType = sourcecode.c.h; path = AIRMapCalloutManager.h; sourceTree = "<group>"; };
		FD8EFEB81DEEB91600BB2BF6 /* AIRMapCalloutManager.m */ = {isa = PBXFileReference; fileEncoding = 4; lastKnownFileType = sourcecode.c.objc; path = AIRMapCalloutManager.m; sourceTree = "<group>"; };
		FD8EFEB91DEEB91600BB2BF6 /* AIRMapCircle.h */ = {isa = PBXFileReference; fileEncoding = 4; lastKnownFileType = sourcecode.c.h; path = AIRMapCircle.h; sourceTree = "<group>"; };
		FD8EFEBA1DEEB91600BB2BF6 /* AIRMapCircle.m */ = {isa = PBXFileReference; fileEncoding = 4; lastKnownFileType = sourcecode.c.objc; path = AIRMapCircle.m; sourceTree = "<group>"; };
		FD8EFEBB1DEEB91600BB2BF6 /* AIRMapCircleManager.h */ = {isa = PBXFileReference; fileEncoding = 4; lastKnownFileType = sourcecode.c.h; path = AIRMapCircleManager.h; sourceTree = "<group>"; };
		FD8EFEBC1DEEB91600BB2BF6 /* AIRMapCircleManager.m */ = {isa = PBXFileReference; fileEncoding = 4; lastKnownFileType = sourcecode.c.objc; path = AIRMapCircleManager.m; sourceTree = "<group>"; };
		FD8EFEBD1DEEB91600BB2BF6 /* AIRMapCoordinate.h */ = {isa = PBXFileReference; fileEncoding = 4; lastKnownFileType = sourcecode.c.h; path = AIRMapCoordinate.h; sourceTree = "<group>"; };
		FD8EFEBE1DEEB91600BB2BF6 /* AIRMapCoordinate.m */ = {isa = PBXFileReference; fileEncoding = 4; lastKnownFileType = sourcecode.c.objc; path = AIRMapCoordinate.m; sourceTree = "<group>"; };
		FD8EFEBF1DEEB91600BB2BF6 /* AIRMapManager.h */ = {isa = PBXFileReference; fileEncoding = 4; lastKnownFileType = sourcecode.c.h; path = AIRMapManager.h; sourceTree = "<group>"; };
		FD8EFEC01DEEB91600BB2BF6 /* AIRMapManager.m */ = {isa = PBXFileReference; fileEncoding = 4; lastKnownFileType = sourcecode.c.objc; path = AIRMapManager.m; sourceTree = "<group>"; };
		FD8EFEC11DEEB91600BB2BF6 /* AIRMapMarker.h */ = {isa = PBXFileReference; fileEncoding = 4; lastKnownFileType = sourcecode.c.h; path = AIRMapMarker.h; sourceTree = "<group>"; };
		FD8EFEC21DEEB91600BB2BF6 /* AIRMapMarker.m */ = {isa = PBXFileReference; fileEncoding = 4; lastKnownFileType = sourcecode.c.objc; path = AIRMapMarker.m; sourceTree = "<group>"; };
		FD8EFEC31DEEB91600BB2BF6 /* AIRMapMarkerManager.h */ = {isa = PBXFileReference; fileEncoding = 4; lastKnownFileType = sourcecode.c.h; path = AIRMapMarkerManager.h; sourceTree = "<group>"; };
		FD8EFEC41DEEB91600BB2BF6 /* AIRMapMarkerManager.m */ = {isa = PBXFileReference; fileEncoding = 4; lastKnownFileType = sourcecode.c.objc; path = AIRMapMarkerManager.m; sourceTree = "<group>"; };
		FD8EFEC51DEEB91600BB2BF6 /* AIRMapPolygon.h */ = {isa = PBXFileReference; fileEncoding = 4; lastKnownFileType = sourcecode.c.h; path = AIRMapPolygon.h; sourceTree = "<group>"; };
		FD8EFEC61DEEB91600BB2BF6 /* AIRMapPolygon.m */ = {isa = PBXFileReference; fileEncoding = 4; lastKnownFileType = sourcecode.c.objc; path = AIRMapPolygon.m; sourceTree = "<group>"; };
		FD8EFEC71DEEB91600BB2BF6 /* AIRMapPolygonManager.h */ = {isa = PBXFileReference; fileEncoding = 4; lastKnownFileType = sourcecode.c.h; path = AIRMapPolygonManager.h; sourceTree = "<group>"; };
		FD8EFEC81DEEB91600BB2BF6 /* AIRMapPolygonManager.m */ = {isa = PBXFileReference; fileEncoding = 4; lastKnownFileType = sourcecode.c.objc; path = AIRMapPolygonManager.m; sourceTree = "<group>"; };
		FD8EFEC91DEEB91600BB2BF6 /* AIRMapPolyline.h */ = {isa = PBXFileReference; fileEncoding = 4; lastKnownFileType = sourcecode.c.h; path = AIRMapPolyline.h; sourceTree = "<group>"; };
		FD8EFECA1DEEB91600BB2BF6 /* AIRMapPolyline.m */ = {isa = PBXFileReference; fileEncoding = 4; lastKnownFileType = sourcecode.c.objc; path = AIRMapPolyline.m; sourceTree = "<group>"; };
		FD8EFECB1DEEB91600BB2BF6 /* AIRMapPolylineManager.h */ = {isa = PBXFileReference; fileEncoding = 4; lastKnownFileType = sourcecode.c.h; path = AIRMapPolylineManager.h; sourceTree = "<group>"; };
		FD8EFECC1DEEB91600BB2BF6 /* AIRMapPolylineManager.m */ = {isa = PBXFileReference; fileEncoding = 4; lastKnownFileType = sourcecode.c.objc; path = AIRMapPolylineManager.m; sourceTree = "<group>"; };
		FD8EFECD1DEEB91600BB2BF6 /* AIRMapSnapshot.h */ = {isa = PBXFileReference; fileEncoding = 4; lastKnownFileType = sourcecode.c.h; path = AIRMapSnapshot.h; sourceTree = "<group>"; };
		FD8EFECE1DEEB91600BB2BF6 /* AIRMapUrlTile.h */ = {isa = PBXFileReference; fileEncoding = 4; lastKnownFileType = sourcecode.c.h; path = AIRMapUrlTile.h; sourceTree = "<group>"; };
		FD8EFECF1DEEB91600BB2BF6 /* AIRMapUrlTile.m */ = {isa = PBXFileReference; fileEncoding = 4; lastKnownFileType = sourcecode.c.objc; path = AIRMapUrlTile.m; sourceTree = "<group>"; };
		FD8EFED01DEEB91600BB2BF6 /* AIRMapUrlTileManager.h */ = {isa = PBXFileReference; fileEncoding = 4; lastKnownFileType = sourcecode.c.h; path = AIRMapUrlTileManager.h; sourceTree = "<group>"; };
		FD8EFED11DEEB91600BB2BF6 /* AIRMapUrlTileManager.m */ = {isa = PBXFileReference; fileEncoding = 4; lastKnownFileType = sourcecode.c.objc; path = AIRMapUrlTileManager.m; sourceTree = "<group>"; };
		FD8EFED31DEEB91600BB2BF6 /* SMCalloutView.h */ = {isa = PBXFileReference; fileEncoding = 4; lastKnownFileType = sourcecode.c.h; path = SMCalloutView.h; sourceTree = "<group>"; };
		FD8EFED41DEEB91600BB2BF6 /* SMCalloutView.m */ = {isa = PBXFileReference; fileEncoding = 4; lastKnownFileType = sourcecode.c.objc; path = SMCalloutView.m; sourceTree = "<group>"; };
		FD8EFED51DEEB91600BB2BF6 /* RCTConvert+MoreMapKit.h */ = {isa = PBXFileReference; fileEncoding = 4; lastKnownFileType = sourcecode.c.h; path = "RCTConvert+MoreMapKit.h"; sourceTree = "<group>"; };
		FD8EFED61DEEB91600BB2BF6 /* RCTConvert+MoreMapKit.m */ = {isa = PBXFileReference; fileEncoding = 4; lastKnownFileType = sourcecode.c.objc; path = "RCTConvert+MoreMapKit.m"; sourceTree = "<group>"; };
		FF8940438CA545AC8CB3CDB9 /* Roboto.ttf */ = {isa = PBXFileReference; explicitFileType = undefined; fileEncoding = 9; includeInIndex = 0; lastKnownFileType = unknown; name = Roboto.ttf; path = "../node_modules/native-base/Fonts/Roboto.ttf"; sourceTree = "<group>"; };
		A01FBC21B0694F1DAF586B2D /* RNCookieManagerIOS.xcodeproj */ = {isa = PBXFileReference; name = "RNCookieManagerIOS.xcodeproj"; path = "../node_modules/react-native-cookies/RNCookieManagerIOS.xcodeproj"; sourceTree = "<group>"; fileEncoding = undefined; lastKnownFileType = wrapper.pb-project; explicitFileType = undefined; includeInIndex = 0; };
		2BB9C38EEDFD40ABBB06EB2C /* libRNCookieManagerIOS.a */ = {isa = PBXFileReference; name = "libRNCookieManagerIOS.a"; path = "libRNCookieManagerIOS.a"; sourceTree = "<group>"; fileEncoding = undefined; lastKnownFileType = archive.ar; explicitFileType = undefined; includeInIndex = 0; };
		1D82F7333D0E4F1BA79CCCE9 /* AirMaps.xcodeproj */ = {isa = PBXFileReference; name = "AirMaps.xcodeproj"; path = "../node_modules/react-native-maps/ios/AirMaps.xcodeproj"; sourceTree = "<group>"; fileEncoding = undefined; lastKnownFileType = wrapper.pb-project; explicitFileType = undefined; includeInIndex = 0; };
		602A6D1680D7446980CFE671 /* libAirMaps.a */ = {isa = PBXFileReference; name = "libAirMaps.a"; path = "libAirMaps.a"; sourceTree = "<group>"; fileEncoding = undefined; lastKnownFileType = archive.ar; explicitFileType = undefined; includeInIndex = 0; };
/* End PBXFileReference section */

/* Begin PBXFrameworksBuildPhase section */
		00E356EB1AD99517003FC87E /* Frameworks */ = {
			isa = PBXFrameworksBuildPhase;
			buildActionMask = 2147483647;
			files = (
				140ED2AC1D01E1AD002B40FF /* libReact.a in Frameworks */,
				8F2A3CFF98E4F95D5648D042 /* Pods_qingyuanjieTests.framework in Frameworks */,
			);
			runOnlyForDeploymentPostprocessing = 0;
		};
		13B07F8C1A680F5B00A75B9A /* Frameworks */ = {
			isa = PBXFrameworksBuildPhase;
			buildActionMask = 2147483647;
			files = (
				146834051AC3E58100842450 /* libReact.a in Frameworks */,
				00C302E51ABCBA2D00DB3ED1 /* libRCTActionSheet.a in Frameworks */,
				00C302E71ABCBA2D00DB3ED1 /* libRCTGeolocation.a in Frameworks */,
				00C302E81ABCBA2D00DB3ED1 /* libRCTImage.a in Frameworks */,
				133E29F31AD74F7200F7D852 /* libRCTLinking.a in Frameworks */,
				00C302E91ABCBA2D00DB3ED1 /* libRCTNetwork.a in Frameworks */,
				139105C61AF99C1200B5F7CC /* libRCTSettings.a in Frameworks */,
				832341BD1AAA6AB300B99B32 /* libRCTText.a in Frameworks */,
				00C302EA1ABCBA2D00DB3ED1 /* libRCTVibration.a in Frameworks */,
				139FDEF61B0652A700C62182 /* libRCTWebSocket.a in Frameworks */,
				3292F57932F04A28ABD7F098 /* libRNBackgroundTimer.a in Frameworks */,
				2B018AC70D8349D18B967152 /* libRNDeviceInfo.a in Frameworks */,
				E7CBD264E01646879BD48382 /* libRNImagePicker.a in Frameworks */,
				C6028B7B173C4257BAD342AC /* libRCTBEEPickerManager.a in Frameworks */,
				5CAC625E8FF444E09B960465 /* libRNVectorIcons.a in Frameworks */,
				52B174AFAF4B2E4F8EED7CC2 /* Pods_qingyuanjie.framework in Frameworks */,
				DD2A841E93674769942E21B3 /* libRNCookieManagerIOS.a in Frameworks */,
				7D54BF3F585C473AB692D4A3 /* libAirMaps.a in Frameworks */,
			);
			runOnlyForDeploymentPostprocessing = 0;
		};
/* End PBXFrameworksBuildPhase section */

/* Begin PBXGroup section */
		00C302A81ABCB8CE00DB3ED1 /* Products */ = {
			isa = PBXGroup;
			children = (
				00C302AC1ABCB8CE00DB3ED1 /* libRCTActionSheet.a */,
			);
			name = Products;
			sourceTree = "<group>";
		};
		00C302B61ABCB90400DB3ED1 /* Products */ = {
			isa = PBXGroup;
			children = (
				00C302BA1ABCB90400DB3ED1 /* libRCTGeolocation.a */,
			);
			name = Products;
			sourceTree = "<group>";
		};
		00C302BC1ABCB91800DB3ED1 /* Products */ = {
			isa = PBXGroup;
			children = (
				00C302C01ABCB91800DB3ED1 /* libRCTImage.a */,
				FD20DE9A1DEC6720001E74B6 /* libRCTImage-tvOS.a */,
			);
			name = Products;
			sourceTree = "<group>";
		};
		00C302D41ABCB9D200DB3ED1 /* Products */ = {
			isa = PBXGroup;
			children = (
				00C302DC1ABCB9D200DB3ED1 /* libRCTNetwork.a */,
				FD20DEA21DEC6720001E74B6 /* libRCTNetwork-tvOS.a */,
			);
			name = Products;
			sourceTree = "<group>";
		};
		00C302E01ABCB9EE00DB3ED1 /* Products */ = {
			isa = PBXGroup;
			children = (
				00C302E41ABCB9EE00DB3ED1 /* libRCTVibration.a */,
			);
			name = Products;
			sourceTree = "<group>";
		};
		00E356EF1AD99517003FC87E /* qingyuanjieTests */ = {
			isa = PBXGroup;
			children = (
				00E356F21AD99517003FC87E /* qingyuanjieTests.m */,
				00E356F01AD99517003FC87E /* Supporting Files */,
			);
			path = qingyuanjieTests;
			sourceTree = "<group>";
		};
		00E356F01AD99517003FC87E /* Supporting Files */ = {
			isa = PBXGroup;
			children = (
				00E356F11AD99517003FC87E /* Info.plist */,
			);
			name = "Supporting Files";
			sourceTree = "<group>";
		};
		139105B71AF99BAD00B5F7CC /* Products */ = {
			isa = PBXGroup;
			children = (
				139105C11AF99BAD00B5F7CC /* libRCTSettings.a */,
				FD20DEA61DEC6720001E74B6 /* libRCTSettings-tvOS.a */,
			);
			name = Products;
			sourceTree = "<group>";
		};
		139FDEE71B06529A00C62182 /* Products */ = {
			isa = PBXGroup;
			children = (
				139FDEF41B06529B00C62182 /* libRCTWebSocket.a */,
				FD20DEAF1DEC6720001E74B6 /* libRCTWebSocket-tvOS.a */,
			);
			name = Products;
			sourceTree = "<group>";
		};
		13B07FAE1A68108700A75B9A /* qingyuanjie */ = {
			isa = PBXGroup;
			children = (
				008F07F21AC5B25A0029DE68 /* main.jsbundle */,
				13B07FAF1A68108700A75B9A /* AppDelegate.h */,
				13B07FB01A68108700A75B9A /* AppDelegate.m */,
				13B07FB51A68108700A75B9A /* Images.xcassets */,
				13B07FB61A68108700A75B9A /* Info.plist */,
				13B07FB11A68108700A75B9A /* LaunchScreen.xib */,
				13B07FB71A68108700A75B9A /* main.m */,
			);
			name = qingyuanjie;
			sourceTree = "<group>";
		};
		146834001AC3E56700842450 /* Products */ = {
			isa = PBXGroup;
			children = (
				146834041AC3E56700842450 /* libReact.a */,
				FD20DEB31DEC6720001E74B6 /* libReact-tvOS.a */,
			);
			name = Products;
			sourceTree = "<group>";
		};
		586673925877A8F9DFA9FC11 /* Pods */ = {
			isa = PBXGroup;
			children = (
				51C69BBA80958E499B75F5E1 /* Pods-qingyuanjie.debug.xcconfig */,
				75369259FAF46E5C66E3EF7E /* Pods-qingyuanjie.release.xcconfig */,
				EF8584D882FD63A9BC7B2FE3 /* Pods-qingyuanjieTests.debug.xcconfig */,
				0F5EB3C9AFE4ED20DB61952E /* Pods-qingyuanjieTests.release.xcconfig */,
			);
			name = Pods;
			sourceTree = "<group>";
		};
		726F37C0DE3E4DEE8743D090 /* Resources */ = {
			isa = PBXGroup;
			children = (
				B641F99E306F443AABF066EA /* Andale Mono.ttf */,
				264ED5566C074229A7EF1279 /* Arial Black.ttf */,
				8A01DD0B4CD0471692ADAE07 /* Arial.ttf */,
				BB41AB1D52334AACBE59E20E /* Comic Sans MS.ttf */,
				99736F9F39B745E9A7C6194F /* Courier New.ttf */,
				926F8B6D9F36457FBF6656E7 /* Georgia.ttf */,
				386295FB7E5149A9A8796116 /* Microsoft Sans Serif.ttf */,
				195940BEEF4E4E03A1845AA0 /* Roboto_medium.ttf */,
				FF8940438CA545AC8CB3CDB9 /* Roboto.ttf */,
				348BDF3D8CD44BE385B7E977 /* SF-UI-Text-Regular.otf */,
				766FA73270904780AFC82B01 /* Skia.ttf */,
				74C7999F0F8049BEB7339E88 /* Times New Roman.ttf */,
				2F00536877EC4588A3A3EED0 /* Entypo.ttf */,
				065CEB252BD9462DA9250D31 /* EvilIcons.ttf */,
				C10335401E294B88960C2DE8 /* FontAwesome.ttf */,
				B0E1DFA398644D269B48852F /* Foundation.ttf */,
				C4E43AEB488C40D3A396BAF6 /* Ionicons.ttf */,
				C6858A6F25A5483C87259C50 /* MaterialIcons.ttf */,
				45A5F007FB154FEE8D729FF4 /* Octicons.ttf */,
				2AD5D6DCB9B34D94BCCBB792 /* SimpleLineIcons.ttf */,
				27C7E73AC5834FF6B029ABFC /* Zocial.ttf */,
			);
			name = Resources;
			sourceTree = "<group>";
		};
		78C398B11ACF4ADC00677621 /* Products */ = {
			isa = PBXGroup;
			children = (
				78C398B91ACF4ADC00677621 /* libRCTLinking.a */,
				FD20DE9E1DEC6720001E74B6 /* libRCTLinking-tvOS.a */,
			);
			name = Products;
			sourceTree = "<group>";
		};
		832341AE1AAA6A7D00B99B32 /* Libraries */ = {
			isa = PBXGroup;
			children = (
				146833FF1AC3E56700842450 /* React.xcodeproj */,
				00C302A71ABCB8CE00DB3ED1 /* RCTActionSheet.xcodeproj */,
				00C302B51ABCB90400DB3ED1 /* RCTGeolocation.xcodeproj */,
				00C302BB1ABCB91800DB3ED1 /* RCTImage.xcodeproj */,
				78C398B01ACF4ADC00677621 /* RCTLinking.xcodeproj */,
				00C302D31ABCB9D200DB3ED1 /* RCTNetwork.xcodeproj */,
				139105B61AF99BAD00B5F7CC /* RCTSettings.xcodeproj */,
				832341B01AAA6A8300B99B32 /* RCTText.xcodeproj */,
				00C302DF1ABCB9EE00DB3ED1 /* RCTVibration.xcodeproj */,
				139FDEE61B06529A00C62182 /* RCTWebSocket.xcodeproj */,
				C7B9A96FEBA1439FB8C01C4A /* RNBackgroundTimer.xcodeproj */,
				9B13E83611E04FE8BA143D43 /* RNDeviceInfo.xcodeproj */,
				6EB08D0CD30640ABA617C0AD /* RNImagePicker.xcodeproj */,
				6AC056D67556492EB4200368 /* RCTBEEPickerManager.xcodeproj */,
				754DDAAA8DAB48CB99BDBE6C /* RNVectorIcons.xcodeproj */,
				A01FBC21B0694F1DAF586B2D /* RNCookieManagerIOS.xcodeproj */,
				1D82F7333D0E4F1BA79CCCE9 /* AirMaps.xcodeproj */,
			);
			name = Libraries;
			sourceTree = "<group>";
		};
		832341B11AAA6A8300B99B32 /* Products */ = {
			isa = PBXGroup;
			children = (
				832341B51AAA6A8300B99B32 /* libRCTText.a */,
				FD20DEAA1DEC6720001E74B6 /* libRCTText-tvOS.a */,
			);
			name = Products;
			sourceTree = "<group>";
		};
		83CBB9F61A601CBA00E9B192 = {
			isa = PBXGroup;
			children = (
				FD8EFEA11DEEB91600BB2BF6 /* AirGoogleMaps */,
				FD8EFEB21DEEB91600BB2BF6 /* AirMaps */,
				FD57E49B1DEEB5C10084E6C4 /* Podfile */,
				13B07FAE1A68108700A75B9A /* qingyuanjie */,
				832341AE1AAA6A7D00B99B32 /* Libraries */,
				00E356EF1AD99517003FC87E /* qingyuanjieTests */,
				83CBBA001A601CBA00E9B192 /* Products */,
				726F37C0DE3E4DEE8743D090 /* Resources */,
				586673925877A8F9DFA9FC11 /* Pods */,
				AB06218A0AE8E36D31F00A73 /* Frameworks */,
			);
			indentWidth = 2;
			sourceTree = "<group>";
			tabWidth = 2;
		};
		83CBBA001A601CBA00E9B192 /* Products */ = {
			isa = PBXGroup;
			children = (
				13B07F961A680F5B00A75B9A /* qingyuanjie.app */,
				00E356EE1AD99517003FC87E /* qingyuanjieTests.xctest */,
			);
			name = Products;
			sourceTree = "<group>";
		};
		AB06218A0AE8E36D31F00A73 /* Frameworks */ = {
			isa = PBXGroup;
			children = (
				E06E84698893766AE9B51579 /* Pods_qingyuanjie.framework */,
				32A1AFDDE546D7A2DD35D14B /* Pods_qingyuanjieTests.framework */,
			);
			name = Frameworks;
			sourceTree = "<group>";
		};
		FD20DEBE1DEC674C001E74B6 /* Products */ = {
			isa = PBXGroup;
			children = (
				FD20DED31DEC674C001E74B6 /* libRNBackgroundTimer.a */,
			);
			name = Products;
			sourceTree = "<group>";
		};
		FD20DED41DEC674C001E74B6 /* Products */ = {
			isa = PBXGroup;
			children = (
				FD20DED81DEC674C001E74B6 /* libRNDeviceInfo.a */,
			);
			name = Products;
			sourceTree = "<group>";
		};
		FD20DED91DEC674C001E74B6 /* Products */ = {
			isa = PBXGroup;
			children = (
				FD20DEDD1DEC674C001E74B6 /* libRNImagePicker.a */,
			);
			name = Products;
			sourceTree = "<group>";
		};
		FD20DEDE1DEC674C001E74B6 /* Products */ = {
			isa = PBXGroup;
			children = (
				FD20DEE21DEC674C001E74B6 /* libRCTBEEPickerManager.a */,
			);
			name = Products;
			sourceTree = "<group>";
		};
		FD20DEE31DEC674C001E74B6 /* Products */ = {
			isa = PBXGroup;
			children = (
				FD20DEE71DEC674C001E74B6 /* libRNVectorIcons.a */,
			);
			name = Products;
			sourceTree = "<group>";
		};
		FD8EFEA11DEEB91600BB2BF6 /* AirGoogleMaps */ = {
			isa = PBXGroup;
			children = (
				FD8EFEA21DEEB91600BB2BF6 /* AIRGMSMarker.h */,
				FD8EFEA31DEEB91600BB2BF6 /* AIRGMSMarker.m */,
				FD8EFEA41DEEB91600BB2BF6 /* AIRGoogleMap.h */,
				FD8EFEA51DEEB91600BB2BF6 /* AIRGoogleMap.m */,
				FD8EFEA61DEEB91600BB2BF6 /* AIRGoogleMapCallout.h */,
				FD8EFEA71DEEB91600BB2BF6 /* AIRGoogleMapCallout.m */,
				FD8EFEA81DEEB91600BB2BF6 /* AIRGoogleMapCalloutManager.h */,
				FD8EFEA91DEEB91600BB2BF6 /* AIRGoogleMapCalloutManager.m */,
				FD8EFEAA1DEEB91600BB2BF6 /* AIRGoogleMapManager.h */,
				FD8EFEAB1DEEB91600BB2BF6 /* AIRGoogleMapManager.m */,
				FD8EFEAC1DEEB91600BB2BF6 /* AIRGoogleMapMarker.h */,
				FD8EFEAD1DEEB91600BB2BF6 /* AIRGoogleMapMarker.m */,
				FD8EFEAE1DEEB91600BB2BF6 /* AIRGoogleMapMarkerManager.h */,
				FD8EFEAF1DEEB91600BB2BF6 /* AIRGoogleMapMarkerManager.m */,
				FD8EFEB01DEEB91600BB2BF6 /* DummyView.h */,
				FD8EFEB11DEEB91600BB2BF6 /* DummyView.m */,
			);
			name = AirGoogleMaps;
			path = "../node_modules/react-native-maps/ios/AirGoogleMaps";
			sourceTree = "<group>";
		};
		FD8EFEB21DEEB91600BB2BF6 /* AirMaps */ = {
			isa = PBXGroup;
			children = (
				FD8EFEB31DEEB91600BB2BF6 /* AIRMap.h */,
				FD8EFEB41DEEB91600BB2BF6 /* AIRMap.m */,
				FD8EFEB51DEEB91600BB2BF6 /* AIRMapCallout.h */,
				FD8EFEB61DEEB91600BB2BF6 /* AIRMapCallout.m */,
				FD8EFEB71DEEB91600BB2BF6 /* AIRMapCalloutManager.h */,
				FD8EFEB81DEEB91600BB2BF6 /* AIRMapCalloutManager.m */,
				FD8EFEB91DEEB91600BB2BF6 /* AIRMapCircle.h */,
				FD8EFEBA1DEEB91600BB2BF6 /* AIRMapCircle.m */,
				FD8EFEBB1DEEB91600BB2BF6 /* AIRMapCircleManager.h */,
				FD8EFEBC1DEEB91600BB2BF6 /* AIRMapCircleManager.m */,
				FD8EFEBD1DEEB91600BB2BF6 /* AIRMapCoordinate.h */,
				FD8EFEBE1DEEB91600BB2BF6 /* AIRMapCoordinate.m */,
				FD8EFEBF1DEEB91600BB2BF6 /* AIRMapManager.h */,
				FD8EFEC01DEEB91600BB2BF6 /* AIRMapManager.m */,
				FD8EFEC11DEEB91600BB2BF6 /* AIRMapMarker.h */,
				FD8EFEC21DEEB91600BB2BF6 /* AIRMapMarker.m */,
				FD8EFEC31DEEB91600BB2BF6 /* AIRMapMarkerManager.h */,
				FD8EFEC41DEEB91600BB2BF6 /* AIRMapMarkerManager.m */,
				FD8EFEC51DEEB91600BB2BF6 /* AIRMapPolygon.h */,
				FD8EFEC61DEEB91600BB2BF6 /* AIRMapPolygon.m */,
				FD8EFEC71DEEB91600BB2BF6 /* AIRMapPolygonManager.h */,
				FD8EFEC81DEEB91600BB2BF6 /* AIRMapPolygonManager.m */,
				FD8EFEC91DEEB91600BB2BF6 /* AIRMapPolyline.h */,
				FD8EFECA1DEEB91600BB2BF6 /* AIRMapPolyline.m */,
				FD8EFECB1DEEB91600BB2BF6 /* AIRMapPolylineManager.h */,
				FD8EFECC1DEEB91600BB2BF6 /* AIRMapPolylineManager.m */,
				FD8EFECD1DEEB91600BB2BF6 /* AIRMapSnapshot.h */,
				FD8EFECE1DEEB91600BB2BF6 /* AIRMapUrlTile.h */,
				FD8EFECF1DEEB91600BB2BF6 /* AIRMapUrlTile.m */,
				FD8EFED01DEEB91600BB2BF6 /* AIRMapUrlTileManager.h */,
				FD8EFED11DEEB91600BB2BF6 /* AIRMapUrlTileManager.m */,
				FD8EFED21DEEB91600BB2BF6 /* Callout */,
				FD8EFED51DEEB91600BB2BF6 /* RCTConvert+MoreMapKit.h */,
				FD8EFED61DEEB91600BB2BF6 /* RCTConvert+MoreMapKit.m */,
			);
			name = AirMaps;
			path = "../node_modules/react-native-maps/ios/AirMaps";
			sourceTree = "<group>";
		};
		FD8EFED21DEEB91600BB2BF6 /* Callout */ = {
			isa = PBXGroup;
			children = (
				FD8EFED31DEEB91600BB2BF6 /* SMCalloutView.h */,
				FD8EFED41DEEB91600BB2BF6 /* SMCalloutView.m */,
			);
			path = Callout;
			sourceTree = "<group>";
		};
/* End PBXGroup section */

/* Begin PBXNativeTarget section */
		00E356ED1AD99517003FC87E /* qingyuanjieTests */ = {
			isa = PBXNativeTarget;
			buildConfigurationList = 00E357021AD99517003FC87E /* Build configuration list for PBXNativeTarget "qingyuanjieTests" */;
			buildPhases = (
				E5E9E919EC8F20F8771D999E /* [CP] Check Pods Manifest.lock */,
				00E356EA1AD99517003FC87E /* Sources */,
				00E356EB1AD99517003FC87E /* Frameworks */,
				00E356EC1AD99517003FC87E /* Resources */,
				EEF64417411BD414EF50E785 /* [CP] Embed Pods Frameworks */,
				E6C814F21BC8B17F83C558AA /* [CP] Copy Pods Resources */,
			);
			buildRules = (
			);
			dependencies = (
				00E356F51AD99517003FC87E /* PBXTargetDependency */,
			);
			name = qingyuanjieTests;
			productName = qingyuanjieTests;
			productReference = 00E356EE1AD99517003FC87E /* qingyuanjieTests.xctest */;
			productType = "com.apple.product-type.bundle.unit-test";
		};
		13B07F861A680F5B00A75B9A /* qingyuanjie */ = {
			isa = PBXNativeTarget;
			buildConfigurationList = 13B07F931A680F5B00A75B9A /* Build configuration list for PBXNativeTarget "qingyuanjie" */;
			buildPhases = (
				1B3DE4F497D775F1B7B5F51E /* [CP] Check Pods Manifest.lock */,
				13B07F871A680F5B00A75B9A /* Sources */,
				13B07F8C1A680F5B00A75B9A /* Frameworks */,
				13B07F8E1A680F5B00A75B9A /* Resources */,
				00DD1BFF1BD5951E006B06BC /* Bundle React Native code and images */,
				12B3844CB9B1D998686F44B2 /* [CP] Embed Pods Frameworks */,
				1076D88E9E0CD94D996690CA /* [CP] Copy Pods Resources */,
			);
			buildRules = (
			);
			dependencies = (
			);
			name = qingyuanjie;
			productName = "Hello World";
			productReference = 13B07F961A680F5B00A75B9A /* qingyuanjie.app */;
			productType = "com.apple.product-type.application";
		};
/* End PBXNativeTarget section */

/* Begin PBXProject section */
		83CBB9F71A601CBA00E9B192 /* Project object */ = {
			isa = PBXProject;
			attributes = {
				LastUpgradeCheck = 730;
				ORGANIZATIONNAME = Facebook;
				TargetAttributes = {
					00E356ED1AD99517003FC87E = {
						CreatedOnToolsVersion = 6.2;
						TestTargetID = 13B07F861A680F5B00A75B9A;
					};
					13B07F861A680F5B00A75B9A = {
						DevelopmentTeam = 5V87T658ZY;
					};
				};
			};
			buildConfigurationList = 83CBB9FA1A601CBA00E9B192 /* Build configuration list for PBXProject "qingyuanjie" */;
			compatibilityVersion = "Xcode 3.2";
			developmentRegion = English;
			hasScannedForEncodings = 0;
			knownRegions = (
				en,
				Base,
			);
			mainGroup = 83CBB9F61A601CBA00E9B192;
			productRefGroup = 83CBBA001A601CBA00E9B192 /* Products */;
			projectDirPath = "";
			projectReferences = (
				{
					ProductGroup = 00C302A81ABCB8CE00DB3ED1 /* Products */;
					ProjectRef = 00C302A71ABCB8CE00DB3ED1 /* RCTActionSheet.xcodeproj */;
				},
				{
					ProductGroup = FD20DEDE1DEC674C001E74B6 /* Products */;
					ProjectRef = 6AC056D67556492EB4200368 /* RCTBEEPickerManager.xcodeproj */;
				},
				{
					ProductGroup = 00C302B61ABCB90400DB3ED1 /* Products */;
					ProjectRef = 00C302B51ABCB90400DB3ED1 /* RCTGeolocation.xcodeproj */;
				},
				{
					ProductGroup = 00C302BC1ABCB91800DB3ED1 /* Products */;
					ProjectRef = 00C302BB1ABCB91800DB3ED1 /* RCTImage.xcodeproj */;
				},
				{
					ProductGroup = 78C398B11ACF4ADC00677621 /* Products */;
					ProjectRef = 78C398B01ACF4ADC00677621 /* RCTLinking.xcodeproj */;
				},
				{
					ProductGroup = 00C302D41ABCB9D200DB3ED1 /* Products */;
					ProjectRef = 00C302D31ABCB9D200DB3ED1 /* RCTNetwork.xcodeproj */;
				},
				{
					ProductGroup = 139105B71AF99BAD00B5F7CC /* Products */;
					ProjectRef = 139105B61AF99BAD00B5F7CC /* RCTSettings.xcodeproj */;
				},
				{
					ProductGroup = 832341B11AAA6A8300B99B32 /* Products */;
					ProjectRef = 832341B01AAA6A8300B99B32 /* RCTText.xcodeproj */;
				},
				{
					ProductGroup = 00C302E01ABCB9EE00DB3ED1 /* Products */;
					ProjectRef = 00C302DF1ABCB9EE00DB3ED1 /* RCTVibration.xcodeproj */;
				},
				{
					ProductGroup = 139FDEE71B06529A00C62182 /* Products */;
					ProjectRef = 139FDEE61B06529A00C62182 /* RCTWebSocket.xcodeproj */;
				},
				{
					ProductGroup = 146834001AC3E56700842450 /* Products */;
					ProjectRef = 146833FF1AC3E56700842450 /* React.xcodeproj */;
				},
				{
					ProductGroup = FD20DEBE1DEC674C001E74B6 /* Products */;
					ProjectRef = C7B9A96FEBA1439FB8C01C4A /* RNBackgroundTimer.xcodeproj */;
				},
				{
					ProductGroup = FD20DED41DEC674C001E74B6 /* Products */;
					ProjectRef = 9B13E83611E04FE8BA143D43 /* RNDeviceInfo.xcodeproj */;
				},
				{
					ProductGroup = FD20DED91DEC674C001E74B6 /* Products */;
					ProjectRef = 6EB08D0CD30640ABA617C0AD /* RNImagePicker.xcodeproj */;
				},
				{
					ProductGroup = FD20DEE31DEC674C001E74B6 /* Products */;
					ProjectRef = 754DDAAA8DAB48CB99BDBE6C /* RNVectorIcons.xcodeproj */;
				},
			);
			projectRoot = "";
			targets = (
				13B07F861A680F5B00A75B9A /* qingyuanjie */,
				00E356ED1AD99517003FC87E /* qingyuanjieTests */,
			);
		};
/* End PBXProject section */

/* Begin PBXReferenceProxy section */
		00C302AC1ABCB8CE00DB3ED1 /* libRCTActionSheet.a */ = {
			isa = PBXReferenceProxy;
			fileType = archive.ar;
			path = libRCTActionSheet.a;
			remoteRef = 00C302AB1ABCB8CE00DB3ED1 /* PBXContainerItemProxy */;
			sourceTree = BUILT_PRODUCTS_DIR;
		};
		00C302BA1ABCB90400DB3ED1 /* libRCTGeolocation.a */ = {
			isa = PBXReferenceProxy;
			fileType = archive.ar;
			path = libRCTGeolocation.a;
			remoteRef = 00C302B91ABCB90400DB3ED1 /* PBXContainerItemProxy */;
			sourceTree = BUILT_PRODUCTS_DIR;
		};
		00C302C01ABCB91800DB3ED1 /* libRCTImage.a */ = {
			isa = PBXReferenceProxy;
			fileType = archive.ar;
			path = libRCTImage.a;
			remoteRef = 00C302BF1ABCB91800DB3ED1 /* PBXContainerItemProxy */;
			sourceTree = BUILT_PRODUCTS_DIR;
		};
		00C302DC1ABCB9D200DB3ED1 /* libRCTNetwork.a */ = {
			isa = PBXReferenceProxy;
			fileType = archive.ar;
			path = libRCTNetwork.a;
			remoteRef = 00C302DB1ABCB9D200DB3ED1 /* PBXContainerItemProxy */;
			sourceTree = BUILT_PRODUCTS_DIR;
		};
		00C302E41ABCB9EE00DB3ED1 /* libRCTVibration.a */ = {
			isa = PBXReferenceProxy;
			fileType = archive.ar;
			path = libRCTVibration.a;
			remoteRef = 00C302E31ABCB9EE00DB3ED1 /* PBXContainerItemProxy */;
			sourceTree = BUILT_PRODUCTS_DIR;
		};
		139105C11AF99BAD00B5F7CC /* libRCTSettings.a */ = {
			isa = PBXReferenceProxy;
			fileType = archive.ar;
			path = libRCTSettings.a;
			remoteRef = 139105C01AF99BAD00B5F7CC /* PBXContainerItemProxy */;
			sourceTree = BUILT_PRODUCTS_DIR;
		};
		139FDEF41B06529B00C62182 /* libRCTWebSocket.a */ = {
			isa = PBXReferenceProxy;
			fileType = archive.ar;
			path = libRCTWebSocket.a;
			remoteRef = 139FDEF31B06529B00C62182 /* PBXContainerItemProxy */;
			sourceTree = BUILT_PRODUCTS_DIR;
		};
		146834041AC3E56700842450 /* libReact.a */ = {
			isa = PBXReferenceProxy;
			fileType = archive.ar;
			path = libReact.a;
			remoteRef = 146834031AC3E56700842450 /* PBXContainerItemProxy */;
			sourceTree = BUILT_PRODUCTS_DIR;
		};
		78C398B91ACF4ADC00677621 /* libRCTLinking.a */ = {
			isa = PBXReferenceProxy;
			fileType = archive.ar;
			path = libRCTLinking.a;
			remoteRef = 78C398B81ACF4ADC00677621 /* PBXContainerItemProxy */;
			sourceTree = BUILT_PRODUCTS_DIR;
		};
		832341B51AAA6A8300B99B32 /* libRCTText.a */ = {
			isa = PBXReferenceProxy;
			fileType = archive.ar;
			path = libRCTText.a;
			remoteRef = 832341B41AAA6A8300B99B32 /* PBXContainerItemProxy */;
			sourceTree = BUILT_PRODUCTS_DIR;
		};
		FD20DE9A1DEC6720001E74B6 /* libRCTImage-tvOS.a */ = {
			isa = PBXReferenceProxy;
			fileType = archive.ar;
			path = "libRCTImage-tvOS.a";
			remoteRef = FD20DE991DEC6720001E74B6 /* PBXContainerItemProxy */;
			sourceTree = BUILT_PRODUCTS_DIR;
		};
		FD20DE9E1DEC6720001E74B6 /* libRCTLinking-tvOS.a */ = {
			isa = PBXReferenceProxy;
			fileType = archive.ar;
			path = "libRCTLinking-tvOS.a";
			remoteRef = FD20DE9D1DEC6720001E74B6 /* PBXContainerItemProxy */;
			sourceTree = BUILT_PRODUCTS_DIR;
		};
		FD20DEA21DEC6720001E74B6 /* libRCTNetwork-tvOS.a */ = {
			isa = PBXReferenceProxy;
			fileType = archive.ar;
			path = "libRCTNetwork-tvOS.a";
			remoteRef = FD20DEA11DEC6720001E74B6 /* PBXContainerItemProxy */;
			sourceTree = BUILT_PRODUCTS_DIR;
		};
		FD20DEA61DEC6720001E74B6 /* libRCTSettings-tvOS.a */ = {
			isa = PBXReferenceProxy;
			fileType = archive.ar;
			path = "libRCTSettings-tvOS.a";
			remoteRef = FD20DEA51DEC6720001E74B6 /* PBXContainerItemProxy */;
			sourceTree = BUILT_PRODUCTS_DIR;
		};
		FD20DEAA1DEC6720001E74B6 /* libRCTText-tvOS.a */ = {
			isa = PBXReferenceProxy;
			fileType = archive.ar;
			path = "libRCTText-tvOS.a";
			remoteRef = FD20DEA91DEC6720001E74B6 /* PBXContainerItemProxy */;
			sourceTree = BUILT_PRODUCTS_DIR;
		};
		FD20DEAF1DEC6720001E74B6 /* libRCTWebSocket-tvOS.a */ = {
			isa = PBXReferenceProxy;
			fileType = archive.ar;
			path = "libRCTWebSocket-tvOS.a";
			remoteRef = FD20DEAE1DEC6720001E74B6 /* PBXContainerItemProxy */;
			sourceTree = BUILT_PRODUCTS_DIR;
		};
		FD20DEB31DEC6720001E74B6 /* libReact-tvOS.a */ = {
			isa = PBXReferenceProxy;
			fileType = archive.ar;
			path = "libReact-tvOS.a";
			remoteRef = FD20DEB21DEC6720001E74B6 /* PBXContainerItemProxy */;
			sourceTree = BUILT_PRODUCTS_DIR;
		};
		FD20DED31DEC674C001E74B6 /* libRNBackgroundTimer.a */ = {
			isa = PBXReferenceProxy;
			fileType = archive.ar;
			path = libRNBackgroundTimer.a;
			remoteRef = FD20DED21DEC674C001E74B6 /* PBXContainerItemProxy */;
			sourceTree = BUILT_PRODUCTS_DIR;
		};
		FD20DED81DEC674C001E74B6 /* libRNDeviceInfo.a */ = {
			isa = PBXReferenceProxy;
			fileType = archive.ar;
			path = libRNDeviceInfo.a;
			remoteRef = FD20DED71DEC674C001E74B6 /* PBXContainerItemProxy */;
			sourceTree = BUILT_PRODUCTS_DIR;
		};
		FD20DEDD1DEC674C001E74B6 /* libRNImagePicker.a */ = {
			isa = PBXReferenceProxy;
			fileType = archive.ar;
			path = libRNImagePicker.a;
			remoteRef = FD20DEDC1DEC674C001E74B6 /* PBXContainerItemProxy */;
			sourceTree = BUILT_PRODUCTS_DIR;
		};
		FD20DEE21DEC674C001E74B6 /* libRCTBEEPickerManager.a */ = {
			isa = PBXReferenceProxy;
			fileType = archive.ar;
			path = libRCTBEEPickerManager.a;
			remoteRef = FD20DEE11DEC674C001E74B6 /* PBXContainerItemProxy */;
			sourceTree = BUILT_PRODUCTS_DIR;
		};
		FD20DEE71DEC674C001E74B6 /* libRNVectorIcons.a */ = {
			isa = PBXReferenceProxy;
			fileType = archive.ar;
			path = libRNVectorIcons.a;
			remoteRef = FD20DEE61DEC674C001E74B6 /* PBXContainerItemProxy */;
			sourceTree = BUILT_PRODUCTS_DIR;
		};
/* End PBXReferenceProxy section */

/* Begin PBXResourcesBuildPhase section */
		00E356EC1AD99517003FC87E /* Resources */ = {
			isa = PBXResourcesBuildPhase;
			buildActionMask = 2147483647;
			files = (
			);
			runOnlyForDeploymentPostprocessing = 0;
		};
		13B07F8E1A680F5B00A75B9A /* Resources */ = {
			isa = PBXResourcesBuildPhase;
			buildActionMask = 2147483647;
			files = (
				13B07FBF1A68108700A75B9A /* Images.xcassets in Resources */,
				13B07FBD1A68108700A75B9A /* LaunchScreen.xib in Resources */,
				AD9AF33845394AFDBE9DB716 /* Andale Mono.ttf in Resources */,
				2735AD328F2745E4843C08E7 /* Arial Black.ttf in Resources */,
				B473F8F785E74E23B449122B /* Arial.ttf in Resources */,
				21F80D642C954EB7A3F8FF10 /* Comic Sans MS.ttf in Resources */,
				AB32215EBDD24738BC121B16 /* Courier New.ttf in Resources */,
				E08E3FD519184CDC8B97F3DB /* Georgia.ttf in Resources */,
				CEC3C1A770614003BC1FE429 /* Microsoft Sans Serif.ttf in Resources */,
				A35F04FA21BF4A289A81D873 /* Roboto_medium.ttf in Resources */,
				FE9362ABBF6745CCB4FBD112 /* Roboto.ttf in Resources */,
				4036031EF2D745DBBE16A27E /* SF-UI-Text-Regular.otf in Resources */,
				2C86474F95464101AF7165B7 /* Skia.ttf in Resources */,
				82CEC228C66C4D57BD06AF35 /* Times New Roman.ttf in Resources */,
				3C38CFD51F404F99834E4DEF /* Entypo.ttf in Resources */,
				18179726F968423294F4AFAB /* EvilIcons.ttf in Resources */,
				13A504831DB0487CB16053EF /* FontAwesome.ttf in Resources */,
				2FF17D4DFBED4C33BDF831DC /* Foundation.ttf in Resources */,
				FD57E49C1DEEB5C10084E6C4 /* Podfile in Resources */,
				6157F0AD9EAC43A993F6B912 /* Ionicons.ttf in Resources */,
				E44BB119932A4CF693C9232E /* MaterialIcons.ttf in Resources */,
				9CA90AF5D9FA43B7A35B49FB /* Octicons.ttf in Resources */,
				5A9D730FA83C40C4A31CE567 /* SimpleLineIcons.ttf in Resources */,
				59DB92E51ACD455E93D15D9C /* Zocial.ttf in Resources */,
			);
			runOnlyForDeploymentPostprocessing = 0;
		};
/* End PBXResourcesBuildPhase section */

/* Begin PBXShellScriptBuildPhase section */
		00DD1BFF1BD5951E006B06BC /* Bundle React Native code and images */ = {
			isa = PBXShellScriptBuildPhase;
			buildActionMask = 2147483647;
			files = (
			);
			inputPaths = (
			);
			name = "Bundle React Native code and images";
			outputPaths = (
			);
			runOnlyForDeploymentPostprocessing = 0;
			shellPath = /bin/sh;
			shellScript = "export NODE_BINARY=node\n../node_modules/react-native/packager/react-native-xcode.sh";
		};
		1076D88E9E0CD94D996690CA /* [CP] Copy Pods Resources */ = {
			isa = PBXShellScriptBuildPhase;
			buildActionMask = 2147483647;
			files = (
			);
			inputPaths = (
			);
			name = "[CP] Copy Pods Resources";
			outputPaths = (
			);
			runOnlyForDeploymentPostprocessing = 0;
			shellPath = /bin/sh;
			shellScript = "\"${SRCROOT}/Pods/Target Support Files/Pods-qingyuanjie/Pods-qingyuanjie-resources.sh\"\n";
			showEnvVarsInLog = 0;
		};
		12B3844CB9B1D998686F44B2 /* [CP] Embed Pods Frameworks */ = {
			isa = PBXShellScriptBuildPhase;
			buildActionMask = 2147483647;
			files = (
			);
			inputPaths = (
			);
			name = "[CP] Embed Pods Frameworks";
			outputPaths = (
			);
			runOnlyForDeploymentPostprocessing = 0;
			shellPath = /bin/sh;
			shellScript = "\"${SRCROOT}/Pods/Target Support Files/Pods-qingyuanjie/Pods-qingyuanjie-frameworks.sh\"\n";
			showEnvVarsInLog = 0;
		};
		1B3DE4F497D775F1B7B5F51E /* [CP] Check Pods Manifest.lock */ = {
			isa = PBXShellScriptBuildPhase;
			buildActionMask = 2147483647;
			files = (
			);
			inputPaths = (
			);
			name = "[CP] Check Pods Manifest.lock";
			outputPaths = (
			);
			runOnlyForDeploymentPostprocessing = 0;
			shellPath = /bin/sh;
			shellScript = "diff \"${PODS_ROOT}/../Podfile.lock\" \"${PODS_ROOT}/Manifest.lock\" > /dev/null\nif [[ $? != 0 ]] ; then\n    cat << EOM\nerror: The sandbox is not in sync with the Podfile.lock. Run 'pod install' or update your CocoaPods installation.\nEOM\n    exit 1\nfi\n";
			showEnvVarsInLog = 0;
		};
		E5E9E919EC8F20F8771D999E /* [CP] Check Pods Manifest.lock */ = {
			isa = PBXShellScriptBuildPhase;
			buildActionMask = 2147483647;
			files = (
			);
			inputPaths = (
			);
			name = "[CP] Check Pods Manifest.lock";
			outputPaths = (
			);
			runOnlyForDeploymentPostprocessing = 0;
			shellPath = /bin/sh;
			shellScript = "diff \"${PODS_ROOT}/../Podfile.lock\" \"${PODS_ROOT}/Manifest.lock\" > /dev/null\nif [[ $? != 0 ]] ; then\n    cat << EOM\nerror: The sandbox is not in sync with the Podfile.lock. Run 'pod install' or update your CocoaPods installation.\nEOM\n    exit 1\nfi\n";
			showEnvVarsInLog = 0;
		};
		E6C814F21BC8B17F83C558AA /* [CP] Copy Pods Resources */ = {
			isa = PBXShellScriptBuildPhase;
			buildActionMask = 2147483647;
			files = (
			);
			inputPaths = (
			);
			name = "[CP] Copy Pods Resources";
			outputPaths = (
			);
			runOnlyForDeploymentPostprocessing = 0;
			shellPath = /bin/sh;
			shellScript = "\"${SRCROOT}/Pods/Target Support Files/Pods-qingyuanjieTests/Pods-qingyuanjieTests-resources.sh\"\n";
			showEnvVarsInLog = 0;
		};
		EEF64417411BD414EF50E785 /* [CP] Embed Pods Frameworks */ = {
			isa = PBXShellScriptBuildPhase;
			buildActionMask = 2147483647;
			files = (
			);
			inputPaths = (
			);
			name = "[CP] Embed Pods Frameworks";
			outputPaths = (
			);
			runOnlyForDeploymentPostprocessing = 0;
			shellPath = /bin/sh;
			shellScript = "\"${SRCROOT}/Pods/Target Support Files/Pods-qingyuanjieTests/Pods-qingyuanjieTests-frameworks.sh\"\n";
			showEnvVarsInLog = 0;
		};
/* End PBXShellScriptBuildPhase section */

/* Begin PBXSourcesBuildPhase section */
		00E356EA1AD99517003FC87E /* Sources */ = {
			isa = PBXSourcesBuildPhase;
			buildActionMask = 2147483647;
			files = (
				00E356F31AD99517003FC87E /* qingyuanjieTests.m in Sources */,
			);
			runOnlyForDeploymentPostprocessing = 0;
		};
		13B07F871A680F5B00A75B9A /* Sources */ = {
			isa = PBXSourcesBuildPhase;
			buildActionMask = 2147483647;
			files = (
				FD8EFEE81DEEB91600BB2BF6 /* AIRMapPolygon.m in Sources */,
				FD8EFEDC1DEEB91600BB2BF6 /* AIRGoogleMapMarker.m in Sources */,
				FD8EFEEF1DEEB91600BB2BF6 /* RCTConvert+MoreMapKit.m in Sources */,
				FD8EFED81DEEB91600BB2BF6 /* AIRGoogleMap.m in Sources */,
				13B07FBC1A68108700A75B9A /* AppDelegate.m in Sources */,
				13B07FC11A68108700A75B9A /* main.m in Sources */,
				FD8EFEEE1DEEB91600BB2BF6 /* SMCalloutView.m in Sources */,
				FD8EFEEC1DEEB91600BB2BF6 /* AIRMapUrlTile.m in Sources */,
				FD8EFEEA1DEEB91600BB2BF6 /* AIRMapPolyline.m in Sources */,
				FD8EFEDF1DEEB91600BB2BF6 /* AIRMap.m in Sources */,
				FD8EFEDB1DEEB91600BB2BF6 /* AIRGoogleMapManager.m in Sources */,
				FD8EFEE91DEEB91600BB2BF6 /* AIRMapPolygonManager.m in Sources */,
				FD8EFEDA1DEEB91600BB2BF6 /* AIRGoogleMapCalloutManager.m in Sources */,
				FD8EFED91DEEB91600BB2BF6 /* AIRGoogleMapCallout.m in Sources */,
				FD8EFEE31DEEB91600BB2BF6 /* AIRMapCircleManager.m in Sources */,
				FD8EFEE01DEEB91600BB2BF6 /* AIRMapCallout.m in Sources */,
				FD8EFEE21DEEB91600BB2BF6 /* AIRMapCircle.m in Sources */,
				FD8EFED71DEEB91600BB2BF6 /* AIRGMSMarker.m in Sources */,
				FD8EFEE71DEEB91600BB2BF6 /* AIRMapMarkerManager.m in Sources */,
				FD8EFEE11DEEB91600BB2BF6 /* AIRMapCalloutManager.m in Sources */,
				FD8EFEDD1DEEB91600BB2BF6 /* AIRGoogleMapMarkerManager.m in Sources */,
				FD8EFEDE1DEEB91600BB2BF6 /* DummyView.m in Sources */,
				FD8EFEED1DEEB91600BB2BF6 /* AIRMapUrlTileManager.m in Sources */,
				FD8EFEE51DEEB91600BB2BF6 /* AIRMapManager.m in Sources */,
				FD8EFEE41DEEB91600BB2BF6 /* AIRMapCoordinate.m in Sources */,
				FD8EFEE61DEEB91600BB2BF6 /* AIRMapMarker.m in Sources */,
				FD8EFEEB1DEEB91600BB2BF6 /* AIRMapPolylineManager.m in Sources */,
			);
			runOnlyForDeploymentPostprocessing = 0;
		};
/* End PBXSourcesBuildPhase section */

/* Begin PBXTargetDependency section */
		00E356F51AD99517003FC87E /* PBXTargetDependency */ = {
			isa = PBXTargetDependency;
			target = 13B07F861A680F5B00A75B9A /* qingyuanjie */;
			targetProxy = 00E356F41AD99517003FC87E /* PBXContainerItemProxy */;
		};
/* End PBXTargetDependency section */

/* Begin PBXVariantGroup section */
		13B07FB11A68108700A75B9A /* LaunchScreen.xib */ = {
			isa = PBXVariantGroup;
			children = (
				13B07FB21A68108700A75B9A /* Base */,
			);
			name = LaunchScreen.xib;
			path = qingyuanjie;
			sourceTree = "<group>";
		};
/* End PBXVariantGroup section */

/* Begin XCBuildConfiguration section */
		00E356F61AD99517003FC87E /* Debug */ = {
			isa = XCBuildConfiguration;
			baseConfigurationReference = EF8584D882FD63A9BC7B2FE3 /* Pods-qingyuanjieTests.debug.xcconfig */;
			buildSettings = {
				BUNDLE_LOADER = "$(TEST_HOST)";
				GCC_PREPROCESSOR_DEFINITIONS = (
					"DEBUG=1",
					"$(inherited)",
				);
				INFOPLIST_FILE = qingyuanjieTests/Info.plist;
				IPHONEOS_DEPLOYMENT_TARGET = 8.0;
				LD_RUNPATH_SEARCH_PATHS = "$(inherited) @executable_path/Frameworks @loader_path/Frameworks";
				LIBRARY_SEARCH_PATHS = (
					"$(inherited)",
					"\"$(SRCROOT)/$(TARGET_NAME)\"",
					"\"$(SRCROOT)/$(TARGET_NAME)\"",
					"\"$(SRCROOT)/$(TARGET_NAME)\"",
					"\"$(SRCROOT)/$(TARGET_NAME)\"",
					"\"$(SRCROOT)/$(TARGET_NAME)\"",
					"\"$(SRCROOT)/$(TARGET_NAME)\"",
					"\"$(SRCROOT)/$(TARGET_NAME)\"",
					"\"$(SRCROOT)/$(TARGET_NAME)\"",
				);
				PRODUCT_NAME = "$(TARGET_NAME)";
				TEST_HOST = "$(BUILT_PRODUCTS_DIR)/qingyuanjie.app/qingyuanjie";
			};
			name = Debug;
		};
		00E356F71AD99517003FC87E /* Release */ = {
			isa = XCBuildConfiguration;
			baseConfigurationReference = 0F5EB3C9AFE4ED20DB61952E /* Pods-qingyuanjieTests.release.xcconfig */;
			buildSettings = {
				BUNDLE_LOADER = "$(TEST_HOST)";
				COPY_PHASE_STRIP = NO;
				INFOPLIST_FILE = qingyuanjieTests/Info.plist;
				IPHONEOS_DEPLOYMENT_TARGET = 8.0;
				LD_RUNPATH_SEARCH_PATHS = "$(inherited) @executable_path/Frameworks @loader_path/Frameworks";
				LIBRARY_SEARCH_PATHS = (
					"$(inherited)",
					"\"$(SRCROOT)/$(TARGET_NAME)\"",
					"\"$(SRCROOT)/$(TARGET_NAME)\"",
					"\"$(SRCROOT)/$(TARGET_NAME)\"",
					"\"$(SRCROOT)/$(TARGET_NAME)\"",
					"\"$(SRCROOT)/$(TARGET_NAME)\"",
					"\"$(SRCROOT)/$(TARGET_NAME)\"",
					"\"$(SRCROOT)/$(TARGET_NAME)\"",
					"\"$(SRCROOT)/$(TARGET_NAME)\"",
				);
				PRODUCT_NAME = "$(TARGET_NAME)";
				TEST_HOST = "$(BUILT_PRODUCTS_DIR)/qingyuanjie.app/qingyuanjie";
			};
			name = Release;
		};
		13B07F941A680F5B00A75B9A /* Debug */ = {
			isa = XCBuildConfiguration;
			baseConfigurationReference = 51C69BBA80958E499B75F5E1 /* Pods-qingyuanjie.debug.xcconfig */;
			buildSettings = {
				ASSETCATALOG_COMPILER_APPICON_NAME = AppIcon;
				CODE_SIGN_IDENTITY = "iPhone Distribution: HAIJIAO PTY LTD (5V87T658ZY)";
				"CODE_SIGN_IDENTITY[sdk=iphoneos*]" = "iPhone Distribution: HAIJIAO PTY LTD (5V87T658ZY)";
				CURRENT_PROJECT_VERSION = 1;
				DEAD_CODE_STRIPPING = NO;
				HEADER_SEARCH_PATHS = (
					"$(inherited)",
					/Applications/Xcode.app/Contents/Developer/Toolchains/XcodeDefault.xctoolchain/usr/include,
					"$(SRCROOT)/../node_modules/react-native/React/**",
					"$(SRCROOT)/../node_modules/react-native-background-timer/ios",
					"$(SRCROOT)/../node_modules/react-native-device-info/RNDeviceInfo",
					"$(SRCROOT)/../node_modules/react-native-image-picker/ios",
					"$(SRCROOT)/../node_modules/react-native-picker/ios/RCTBEEPickerManager",
					"$(SRCROOT)/../node_modules/react-native-vector-icons/RNVectorIconsManager",
					"$(SRCROOT)/../node_modules/react-native-maps/ios/**",
					"$(SRCROOT)/../node_modules/react-native-cookies/RNCookieManagerIOS",
					"$(SRCROOT)/../node_modules/react-native-maps/ios/**",
				);
				INFOPLIST_FILE = qingyuanjie/Info.plist;
				LD_RUNPATH_SEARCH_PATHS = "$(inherited) @executable_path/Frameworks";
				OTHER_LDFLAGS = (
					"$(inherited)",
					"-ObjC",
					"-lc++",
				);
				PRODUCT_BUNDLE_IDENTIFIER = com.qingyuanjie;
				PRODUCT_NAME = qingyuanjie;
				PROVISIONING_PROFILE = "429d8e70-3342-4ee9-a827-9133dbd74caf";
				VERSIONING_SYSTEM = "apple-generic";
			};
			name = Debug;
		};
		13B07F951A680F5B00A75B9A /* Release */ = {
			isa = XCBuildConfiguration;
			baseConfigurationReference = 75369259FAF46E5C66E3EF7E /* Pods-qingyuanjie.release.xcconfig */;
			buildSettings = {
				ASSETCATALOG_COMPILER_APPICON_NAME = AppIcon;
				CODE_SIGN_IDENTITY = "iPhone Distribution: HAIJIAO PTY LTD (5V87T658ZY)";
				"CODE_SIGN_IDENTITY[sdk=iphoneos*]" = "iPhone Distribution: HAIJIAO PTY LTD (5V87T658ZY)";
				CURRENT_PROJECT_VERSION = 1;
				HEADER_SEARCH_PATHS = (
					"$(inherited)",
					/Applications/Xcode.app/Contents/Developer/Toolchains/XcodeDefault.xctoolchain/usr/include,
					"$(SRCROOT)/../node_modules/react-native/React/**",
					"$(SRCROOT)/../node_modules/react-native-background-timer/ios",
					"$(SRCROOT)/../node_modules/react-native-device-info/RNDeviceInfo",
					"$(SRCROOT)/../node_modules/react-native-image-picker/ios",
					"$(SRCROOT)/../node_modules/react-native-picker/ios/RCTBEEPickerManager",
					"$(SRCROOT)/../node_modules/react-native-vector-icons/RNVectorIconsManager",
					"$(SRCROOT)/../node_modules/react-native-maps/ios/**",
					"$(SRCROOT)/../node_modules/react-native-cookies/RNCookieManagerIOS",
					"$(SRCROOT)/../node_modules/react-native-maps/ios/**",
				);
				INFOPLIST_FILE = qingyuanjie/Info.plist;
				LD_RUNPATH_SEARCH_PATHS = "$(inherited) @executable_path/Frameworks";
				OTHER_LDFLAGS = (
					"$(inherited)",
					"-ObjC",
					"-lc++",
				);
				PRODUCT_BUNDLE_IDENTIFIER = com.qingyuanjie;
				PRODUCT_NAME = qingyuanjie;
				PROVISIONING_PROFILE = "429d8e70-3342-4ee9-a827-9133dbd74caf";
				VERSIONING_SYSTEM = "apple-generic";
			};
			name = Release;
		};
		83CBBA201A601CBA00E9B192 /* Debug */ = {
			isa = XCBuildConfiguration;
			buildSettings = {
				ALWAYS_SEARCH_USER_PATHS = NO;
				CLANG_CXX_LANGUAGE_STANDARD = "gnu++0x";
				CLANG_CXX_LIBRARY = "libc++";
				CLANG_ENABLE_MODULES = YES;
				CLANG_ENABLE_OBJC_ARC = YES;
				CLANG_WARN_BOOL_CONVERSION = YES;
				CLANG_WARN_CONSTANT_CONVERSION = YES;
				CLANG_WARN_DIRECT_OBJC_ISA_USAGE = YES_ERROR;
				CLANG_WARN_EMPTY_BODY = YES;
				CLANG_WARN_ENUM_CONVERSION = YES;
				CLANG_WARN_INT_CONVERSION = YES;
				CLANG_WARN_OBJC_ROOT_CLASS = YES_ERROR;
				CLANG_WARN_UNREACHABLE_CODE = YES;
				CLANG_WARN__DUPLICATE_METHOD_MATCH = YES;
				"CODE_SIGN_IDENTITY[sdk=iphoneos*]" = "iPhone Developer";
				COPY_PHASE_STRIP = NO;
				ENABLE_STRICT_OBJC_MSGSEND = YES;
				GCC_C_LANGUAGE_STANDARD = gnu99;
				GCC_DYNAMIC_NO_PIC = NO;
				GCC_OPTIMIZATION_LEVEL = 0;
				GCC_PREPROCESSOR_DEFINITIONS = (
					"DEBUG=1",
					"$(inherited)",
				);
				GCC_SYMBOLS_PRIVATE_EXTERN = NO;
				GCC_WARN_64_TO_32_BIT_CONVERSION = YES;
				GCC_WARN_ABOUT_RETURN_TYPE = YES_ERROR;
				GCC_WARN_UNDECLARED_SELECTOR = YES;
				GCC_WARN_UNINITIALIZED_AUTOS = YES_AGGRESSIVE;
				GCC_WARN_UNUSED_FUNCTION = YES;
				GCC_WARN_UNUSED_VARIABLE = YES;
				HEADER_SEARCH_PATHS = (
					"$(inherited)",
					/Applications/Xcode.app/Contents/Developer/Toolchains/XcodeDefault.xctoolchain/usr/include,
					"$(SRCROOT)/../node_modules/react-native/React/**",
					"$(SRCROOT)/../node_modules/react-native-background-timer/ios",
					"$(SRCROOT)/../node_modules/react-native-device-info/RNDeviceInfo",
					"$(SRCROOT)/../node_modules/react-native-image-picker/ios",
					"$(SRCROOT)/../node_modules/react-native-picker/ios/RCTBEEPickerManager",
					"$(SRCROOT)/../node_modules/react-native-vector-icons/RNVectorIconsManager",
					"$(SRCROOT)/../node_modules/react-native-maps/ios/**",
					"$(SRCROOT)/../node_modules/react-native-cookies/RNCookieManagerIOS",
					"$(SRCROOT)/../node_modules/react-native-maps/ios/**",
				);
				IPHONEOS_DEPLOYMENT_TARGET = 8.0;
				MTL_ENABLE_DEBUG_INFO = YES;
				ONLY_ACTIVE_ARCH = YES;
				SDKROOT = iphoneos;
			};
			name = Debug;
		};
		83CBBA211A601CBA00E9B192 /* Release */ = {
			isa = XCBuildConfiguration;
			buildSettings = {
				ALWAYS_SEARCH_USER_PATHS = NO;
				CLANG_CXX_LANGUAGE_STANDARD = "gnu++0x";
				CLANG_CXX_LIBRARY = "libc++";
				CLANG_ENABLE_MODULES = YES;
				CLANG_ENABLE_OBJC_ARC = YES;
				CLANG_WARN_BOOL_CONVERSION = YES;
				CLANG_WARN_CONSTANT_CONVERSION = YES;
				CLANG_WARN_DIRECT_OBJC_ISA_USAGE = YES_ERROR;
				CLANG_WARN_EMPTY_BODY = YES;
				CLANG_WARN_ENUM_CONVERSION = YES;
				CLANG_WARN_INT_CONVERSION = YES;
				CLANG_WARN_OBJC_ROOT_CLASS = YES_ERROR;
				CLANG_WARN_UNREACHABLE_CODE = YES;
				CLANG_WARN__DUPLICATE_METHOD_MATCH = YES;
				"CODE_SIGN_IDENTITY[sdk=iphoneos*]" = "iPhone Developer";
				COPY_PHASE_STRIP = YES;
				ENABLE_NS_ASSERTIONS = NO;
				ENABLE_STRICT_OBJC_MSGSEND = YES;
				GCC_C_LANGUAGE_STANDARD = gnu99;
				GCC_WARN_64_TO_32_BIT_CONVERSION = YES;
				GCC_WARN_ABOUT_RETURN_TYPE = YES_ERROR;
				GCC_WARN_UNDECLARED_SELECTOR = YES;
				GCC_WARN_UNINITIALIZED_AUTOS = YES_AGGRESSIVE;
				GCC_WARN_UNUSED_FUNCTION = YES;
				GCC_WARN_UNUSED_VARIABLE = YES;
				HEADER_SEARCH_PATHS = (
					"$(inherited)",
					/Applications/Xcode.app/Contents/Developer/Toolchains/XcodeDefault.xctoolchain/usr/include,
					"$(SRCROOT)/../node_modules/react-native/React/**",
					"$(SRCROOT)/../node_modules/react-native-background-timer/ios",
					"$(SRCROOT)/../node_modules/react-native-device-info/RNDeviceInfo",
					"$(SRCROOT)/../node_modules/react-native-image-picker/ios",
					"$(SRCROOT)/../node_modules/react-native-picker/ios/RCTBEEPickerManager",
					"$(SRCROOT)/../node_modules/react-native-vector-icons/RNVectorIconsManager",
					"$(SRCROOT)/../node_modules/react-native-maps/ios/**",
					"$(SRCROOT)/../node_modules/react-native-cookies/RNCookieManagerIOS",
					"$(SRCROOT)/../node_modules/react-native-maps/ios/**",
				);
				IPHONEOS_DEPLOYMENT_TARGET = 8.0;
				MTL_ENABLE_DEBUG_INFO = NO;
				SDKROOT = iphoneos;
				VALIDATE_PRODUCT = YES;
			};
			name = Release;
		};
/* End XCBuildConfiguration section */

/* Begin XCConfigurationList section */
		00E357021AD99517003FC87E /* Build configuration list for PBXNativeTarget "qingyuanjieTests" */ = {
			isa = XCConfigurationList;
			buildConfigurations = (
				00E356F61AD99517003FC87E /* Debug */,
				00E356F71AD99517003FC87E /* Release */,
			);
			defaultConfigurationIsVisible = 0;
			defaultConfigurationName = Release;
		};
		13B07F931A680F5B00A75B9A /* Build configuration list for PBXNativeTarget "qingyuanjie" */ = {
			isa = XCConfigurationList;
			buildConfigurations = (
				13B07F941A680F5B00A75B9A /* Debug */,
				13B07F951A680F5B00A75B9A /* Release */,
			);
			defaultConfigurationIsVisible = 0;
			defaultConfigurationName = Release;
		};
		83CBB9FA1A601CBA00E9B192 /* Build configuration list for PBXProject "qingyuanjie" */ = {
			isa = XCConfigurationList;
			buildConfigurations = (
				83CBBA201A601CBA00E9B192 /* Debug */,
				83CBBA211A601CBA00E9B192 /* Release */,
			);
			defaultConfigurationIsVisible = 0;
			defaultConfigurationName = Release;
		};
/* End XCConfigurationList section */
	};
	rootObject = 83CBB9F71A601CBA00E9B192 /* Project object */;
}
